{
  "version": 4,
  "terraform_version": "0.12.28",
  "serial": 17,
  "lineage": "91e80bea-afc7-f8e5-a091-c360568ca04c",
  "outputs": {},
  "resources": [
    {
      "mode": "managed",
      "type": "azurerm_network_interface",
      "name": "myterraformnic",
      "provider": "provider.azurerm",
      "instances": [
        {
          "schema_version": 0,
          "attributes": {
            "applied_dns_servers": [],
            "dns_servers": [],
            "enable_accelerated_networking": false,
            "enable_ip_forwarding": false,
            "id": "/subscriptions/e013c260-fa82-4138-b148-1ce36c8788ef/resourceGroups/myResourceGroup/providers/Microsoft.Network/networkInterfaces/myNic",
            "internal_dns_name_label": "",
            "internal_domain_name_suffix": "v10tga1uvqfulagwex1njya2ie.bx.internal.cloudapp.net",
            "ip_configuration": [
              {
                "name": "mynicconfiguration",
                "primary": true,
                "private_ip_address": "1.0.2.4",
                "private_ip_address_allocation": "Dynamic",
                "private_ip_address_version": "IPv4",
                "public_ip_address_id": "/subscriptions/e013c260-fa82-4138-b148-1ce36c8788ef/resourceGroups/myResourceGroup/providers/Microsoft.Network/publicIPAddresses/myPublicIp",
                "subnet_id": "/subscriptions/e013c260-fa82-4138-b148-1ce36c8788ef/resourceGroups/myResourceGroup/providers/Microsoft.Network/virtualNetworks/mvVnet/subnets/mysubnet"
              }
            ],
            "location": "eastus",
            "mac_address": "",
            "name": "myNic",
            "private_ip_address": "1.0.2.4",
            "private_ip_addresses": [
              "1.0.2.4"
            ],
            "resource_group_name": "myResourceGroup",
            "tags": {
              "environment": "Terraform Metlife"
            },
            "timeouts": null,
            "virtual_machine_id": ""
          },
          "private": "eyJlMmJmYjczMC1lY2FhLTExZTYtOGY4OC0zNDM2M2JjN2M0YzAiOnsiY3JlYXRlIjoxODAwMDAwMDAwMDAwLCJkZWxldGUiOjE4MDAwMDAwMDAwMDAsInJlYWQiOjMwMDAwMDAwMDAwMCwidXBkYXRlIjoxODAwMDAwMDAwMDAwfX0=",
          "dependencies": [
            "azurerm_public_ip.myterraformpublicip",
            "azurerm_resource_group.myterraform",
            "azurerm_subnet.myterraformsubnet"
          ]
        }
      ]
    },
    {
      "mode": "managed",
      "type": "azurerm_network_interface_security_group_association",
      "name": "example",
      "provider": "provider.azurerm",
      "instances": [
        {
          "schema_version": 0,
          "attributes": {
            "id": "/subscriptions/e013c260-fa82-4138-b148-1ce36c8788ef/resourceGroups/myResourceGroup/providers/Microsoft.Network/networkInterfaces/myNic|/subscriptions/e013c260-fa82-4138-b148-1ce36c8788ef/resourceGroups/myResourceGroup/providers/Microsoft.Network/networkSecurityGroups/myNetworkSecurityGroup",
            "network_interface_id": "/subscriptions/e013c260-fa82-4138-b148-1ce36c8788ef/resourceGroups/myResourceGroup/providers/Microsoft.Network/networkInterfaces/myNic",
            "network_security_group_id": "/subscriptions/e013c260-fa82-4138-b148-1ce36c8788ef/resourceGroups/myResourceGroup/providers/Microsoft.Network/networkSecurityGroups/myNetworkSecurityGroup",
            "timeouts": null
          },
          "private": "eyJlMmJmYjczMC1lY2FhLTExZTYtOGY4OC0zNDM2M2JjN2M0YzAiOnsiY3JlYXRlIjoxODAwMDAwMDAwMDAwLCJkZWxldGUiOjE4MDAwMDAwMDAwMDAsInJlYWQiOjMwMDAwMDAwMDAwMCwidXBkYXRlIjoxODAwMDAwMDAwMDAwfX0=",
          "dependencies": [
            "azurerm_network_interface.myterraformnic",
            "azurerm_network_security_group.myterraformnsg",
            "azurerm_public_ip.myterraformpublicip",
            "azurerm_resource_group.myterraform",
            "azurerm_subnet.myterraformsubnet"
          ]
        }
      ]
    },
    {
      "mode": "managed",
      "type": "azurerm_network_security_group",
      "name": "myterraformnsg",
      "provider": "provider.azurerm",
      "instances": [
        {
          "schema_version": 0,
          "attributes": {
            "id": "/subscriptions/e013c260-fa82-4138-b148-1ce36c8788ef/resourceGroups/myResourceGroup/providers/Microsoft.Network/networkSecurityGroups/myNetworkSecurityGroup",
            "location": "eastus",
            "name": "myNetworkSecurityGroup",
            "resource_group_name": "myResourceGroup",
            "security_rule": [
              {
                "access": "Allow",
                "description": "",
                "destination_address_prefix": "*",
                "destination_address_prefixes": [],
                "destination_application_security_group_ids": [],
                "destination_port_range": "22",
                "destination_port_ranges": [],
                "direction": "Inbound",
                "name": "SSH",
                "priority": 1001,
                "protocol": "TCP",
                "source_address_prefix": "*",
                "source_address_prefixes": [],
                "source_application_security_group_ids": [],
                "source_port_range": "*",
                "source_port_ranges": []
              }
            ],
            "tags": {
              "environment": "Terraform Metlife"
            },
            "timeouts": null
          },
          "private": "eyJlMmJmYjczMC1lY2FhLTExZTYtOGY4OC0zNDM2M2JjN2M0YzAiOnsiY3JlYXRlIjoxODAwMDAwMDAwMDAwLCJkZWxldGUiOjE4MDAwMDAwMDAwMDAsInJlYWQiOjMwMDAwMDAwMDAwMCwidXBkYXRlIjoxODAwMDAwMDAwMDAwfX0=",
          "dependencies": [
            "azurerm_resource_group.myterraform"
          ]
        }
      ]
    },
    {
      "mode": "managed",
      "type": "azurerm_public_ip",
      "name": "myterraformpublicip",
      "provider": "provider.azurerm",
      "instances": [
        {
          "schema_version": 0,
          "attributes": {
            "allocation_method": "Dynamic",
            "domain_name_label": null,
            "fqdn": null,
            "id": "/subscriptions/e013c260-fa82-4138-b148-1ce36c8788ef/resourceGroups/myResourceGroup/providers/Microsoft.Network/publicIPAddresses/myPublicIp",
            "idle_timeout_in_minutes": 4,
            "ip_address": "",
            "ip_version": "IPv4",
            "location": "eastus",
            "name": "myPublicIp",
            "public_ip_prefix_id": null,
            "resource_group_name": "myResourceGroup",
            "reverse_fqdn": null,
            "sku": "Basic",
            "tags": {
              "environment": "Terraform Metlife"
            },
            "timeouts": null,
            "zones": []
          },
          "private": "eyJlMmJmYjczMC1lY2FhLTExZTYtOGY4OC0zNDM2M2JjN2M0YzAiOnsiY3JlYXRlIjoxODAwMDAwMDAwMDAwLCJkZWxldGUiOjE4MDAwMDAwMDAwMDAsInJlYWQiOjMwMDAwMDAwMDAwMCwidXBkYXRlIjoxODAwMDAwMDAwMDAwfX0=",
          "dependencies": [
            "azurerm_resource_group.myterraform"
          ]
        }
      ]
    },
    {
      "mode": "managed",
      "type": "azurerm_resource_group",
      "name": "myterraform",
      "provider": "provider.azurerm",
      "instances": [
        {
          "schema_version": 0,
          "attributes": {
            "id": "/subscriptions/e013c260-fa82-4138-b148-1ce36c8788ef/resourceGroups/myResourceGroup",
            "location": "eastus",
            "name": "myResourceGroup",
            "tags": {
              "environment": "Terraform Metlife"
            },
            "timeouts": null
          },
          "private": "eyJlMmJmYjczMC1lY2FhLTExZTYtOGY4OC0zNDM2M2JjN2M0YzAiOnsiY3JlYXRlIjo1NDAwMDAwMDAwMDAwLCJkZWxldGUiOjU0MDAwMDAwMDAwMDAsInJlYWQiOjMwMDAwMDAwMDAwMCwidXBkYXRlIjo1NDAwMDAwMDAwMDAwfX0="
        }
      ]
    },
    {
      "mode": "managed",
      "type": "azurerm_storage_account",
      "name": "mystorageaccount",
      "provider": "provider.azurerm",
      "instances": [
        {
          "schema_version": 2,
          "attributes": {
            "access_tier": "Hot",
            "account_kind": "StorageV2",
            "account_replication_type": "LRS",
            "account_tier": "Standard",
            "allow_blob_public_access": false,
            "blob_properties": [],
            "custom_domain": [],
            "enable_https_traffic_only": true,
            "id": "/subscriptions/e013c260-fa82-4138-b148-1ce36c8788ef/resourceGroups/myResourceGroup/providers/Microsoft.Storage/storageAccounts/diag868c2efb43fdd42d",
            "identity": [],
            "is_hns_enabled": false,
            "location": "eastus",
            "min_tls_version": "TLS1_0",
            "name": "diag868c2efb43fdd42d",
            "network_rules": [
              {
                "bypass": [
                  "AzureServices"
                ],
                "default_action": "Allow",
                "ip_rules": [],
                "virtual_network_subnet_ids": []
              }
            ],
            "primary_access_key": "czZBNFES5sBwSPzdDJyWyg5iEX82m5GguNl2uWpn3J9H70ZZhRbH8oVHsde33Fe3EkjSCgcEhGSsNmUHQEM0SQ==",
            "primary_blob_connection_string": "DefaultEndpointsProtocol=https;BlobEndpoint=https://diag868c2efb43fdd42d.blob.core.windows.net/;AccountName=diag868c2efb43fdd42d;AccountKey=czZBNFES5sBwSPzdDJyWyg5iEX82m5GguNl2uWpn3J9H70ZZhRbH8oVHsde33Fe3EkjSCgcEhGSsNmUHQEM0SQ==",
            "primary_blob_endpoint": "https://diag868c2efb43fdd42d.blob.core.windows.net/",
            "primary_blob_host": "diag868c2efb43fdd42d.blob.core.windows.net",
            "primary_connection_string": "DefaultEndpointsProtocol=https;AccountName=diag868c2efb43fdd42d;AccountKey=czZBNFES5sBwSPzdDJyWyg5iEX82m5GguNl2uWpn3J9H70ZZhRbH8oVHsde33Fe3EkjSCgcEhGSsNmUHQEM0SQ==;EndpointSuffix=core.windows.net",
            "primary_dfs_endpoint": "https://diag868c2efb43fdd42d.dfs.core.windows.net/",
            "primary_dfs_host": "diag868c2efb43fdd42d.dfs.core.windows.net",
            "primary_file_endpoint": "https://diag868c2efb43fdd42d.file.core.windows.net/",
            "primary_file_host": "diag868c2efb43fdd42d.file.core.windows.net",
            "primary_location": "eastus",
            "primary_queue_endpoint": "https://diag868c2efb43fdd42d.queue.core.windows.net/",
            "primary_queue_host": "diag868c2efb43fdd42d.queue.core.windows.net",
            "primary_table_endpoint": "https://diag868c2efb43fdd42d.table.core.windows.net/",
            "primary_table_host": "diag868c2efb43fdd42d.table.core.windows.net",
            "primary_web_endpoint": "https://diag868c2efb43fdd42d.z13.web.core.windows.net/",
            "primary_web_host": "diag868c2efb43fdd42d.z13.web.core.windows.net",
            "queue_properties": [
              {
                "cors_rule": [],
                "hour_metrics": [
                  {
                    "enabled": true,
                    "include_apis": true,
                    "retention_policy_days": 7,
                    "version": "1.0"
                  }
                ],
                "logging": [
                  {
                    "delete": false,
                    "read": false,
                    "retention_policy_days": 0,
                    "version": "1.0",
                    "write": false
                  }
                ],
                "minute_metrics": [
                  {
                    "enabled": false,
                    "include_apis": false,
                    "retention_policy_days": 0,
                    "version": "1.0"
                  }
                ]
              }
            ],
            "resource_group_name": "myResourceGroup",
            "secondary_access_key": "qjg8ZGnnrbB2CCBbjFcSM6zQSUJeGhL3bIAT9Fv/m0rOTbse5L6tm70RpMVQHYxkY+G5JVHM4i7QcgvxMbu4VA==",
            "secondary_blob_connection_string": "",
            "secondary_blob_endpoint": null,
            "secondary_blob_host": null,
            "secondary_connection_string": "DefaultEndpointsProtocol=https;AccountName=diag868c2efb43fdd42d;AccountKey=qjg8ZGnnrbB2CCBbjFcSM6zQSUJeGhL3bIAT9Fv/m0rOTbse5L6tm70RpMVQHYxkY+G5JVHM4i7QcgvxMbu4VA==;EndpointSuffix=core.windows.net",
            "secondary_dfs_endpoint": null,
            "secondary_dfs_host": null,
            "secondary_file_endpoint": null,
            "secondary_file_host": null,
            "secondary_location": "",
            "secondary_queue_endpoint": null,
            "secondary_queue_host": null,
            "secondary_table_endpoint": null,
            "secondary_table_host": null,
            "secondary_web_endpoint": null,
            "secondary_web_host": null,
            "static_website": [],
            "tags": {
              "environment": "Terraform Metlife"
            },
            "timeouts": null
          },
          "private": "eyJlMmJmYjczMC1lY2FhLTExZTYtOGY4OC0zNDM2M2JjN2M0YzAiOnsiY3JlYXRlIjozNjAwMDAwMDAwMDAwLCJkZWxldGUiOjM2MDAwMDAwMDAwMDAsInJlYWQiOjMwMDAwMDAwMDAwMCwidXBkYXRlIjozNjAwMDAwMDAwMDAwfSwic2NoZW1hX3ZlcnNpb24iOiIyIn0=",
          "dependencies": [
            "azurerm_resource_group.myterraform",
            "random_id.randomid"
          ]
        }
      ]
    },
    {
      "mode": "managed",
      "type": "azurerm_subnet",
      "name": "myterraformsubnet",
      "provider": "provider.azurerm",
      "instances": [
        {
          "schema_version": 0,
          "attributes": {
            "address_prefix": "1.0.2.0/24",
            "address_prefixes": [
              "1.0.2.0/24"
            ],
            "delegation": [],
            "enforce_private_link_endpoint_network_policies": false,
            "enforce_private_link_service_network_policies": false,
            "id": "/subscriptions/e013c260-fa82-4138-b148-1ce36c8788ef/resourceGroups/myResourceGroup/providers/Microsoft.Network/virtualNetworks/mvVnet/subnets/mysubnet",
            "name": "mysubnet",
            "resource_group_name": "myResourceGroup",
            "service_endpoints": [],
            "timeouts": null,
            "virtual_network_name": "mvVnet"
          },
          "private": "eyJlMmJmYjczMC1lY2FhLTExZTYtOGY4OC0zNDM2M2JjN2M0YzAiOnsiY3JlYXRlIjoxODAwMDAwMDAwMDAwLCJkZWxldGUiOjE4MDAwMDAwMDAwMDAsInJlYWQiOjMwMDAwMDAwMDAwMCwidXBkYXRlIjoxODAwMDAwMDAwMDAwfX0=",
          "dependencies": [
            "azurerm_resource_group.myterraform",
            "azurerm_virtual_network.myterraformnetwork"
          ]
        }
      ]
    },
    {
      "mode": "managed",
      "type": "azurerm_virtual_network",
      "name": "myterraformnetwork",
      "provider": "provider.azurerm",
      "instances": [
        {
          "schema_version": 0,
          "attributes": {
            "address_space": [
              "1.0.0.0/16"
            ],
            "ddos_protection_plan": [],
            "dns_servers": [],
            "guid": "0333f5ae-ac74-450b-80d6-25f6d4e01c44",
            "id": "/subscriptions/e013c260-fa82-4138-b148-1ce36c8788ef/resourceGroups/myResourceGroup/providers/Microsoft.Network/virtualNetworks/mvVnet",
            "location": "eastus",
            "name": "mvVnet",
            "resource_group_name": "myResourceGroup",
            "subnet": [
              {
                "address_prefix": "1.0.2.0/24",
                "id": "/subscriptions/e013c260-fa82-4138-b148-1ce36c8788ef/resourceGroups/myResourceGroup/providers/Microsoft.Network/virtualNetworks/mvVnet/subnets/mysubnet",
                "name": "mysubnet",
                "security_group": ""
              }
            ],
            "tags": {
              "environment": "Terraform Metlife"
            },
            "timeouts": null
          },
          "private": "eyJlMmJmYjczMC1lY2FhLTExZTYtOGY4OC0zNDM2M2JjN2M0YzAiOnsiY3JlYXRlIjoxODAwMDAwMDAwMDAwLCJkZWxldGUiOjE4MDAwMDAwMDAwMDAsInJlYWQiOjMwMDAwMDAwMDAwMCwidXBkYXRlIjoxODAwMDAwMDAwMDAwfX0=",
          "dependencies": [
            "azurerm_resource_group.myterraform"
          ]
        }
      ]
    },
    {
      "mode": "managed",
      "type": "random_id",
      "name": "randomid",
      "provider": "provider.random",
      "instances": [
        {
          "schema_version": 0,
          "attributes": {
            "b64_std": "howu+0P91C0=",
            "b64_url": "howu-0P91C0",
            "byte_length": 8,
            "dec": "9695175754534212653",
            "hex": "868c2efb43fdd42d",
            "id": "howu-0P91C0",
            "keepers": {
              "resource_group_name": "myResourceGroup"
            },
            "prefix": null
          },
          "private": "bnVsbA==",
          "dependencies": [
            "azurerm_resource_group.myterraform"
          ]
        }
      ]
    }
  ]
}
