{
  "version": 4,
  "terraform_version": "0.12.28",
  "serial": 43,
  "lineage": "91e80bea-afc7-f8e5-a091-c360568ca04c",
  "outputs": {
    "tls_private_key": {
      "value": "-----BEGIN RSA PRIVATE KEY-----\nMIIJKQIBAAKCAgEA6VkXYWso/rZWnaS5InFAVyHI3kTBRPuq38X5gvNTVh0cTTtT\ng9KnVzGPdst2UOR0HVa0lJfWTSQsSWmOQrrNpPUzoBbvVRcAqprjP3R1gwi7o4gl\nLUYR1kZ5o20cWl9lPmgPxaP+VXL7ypCM8Zv+Gcq5tGOnK/HsDc2z3KPIAuKQYPkU\nCAiJka+cqymbVxVDwPFbjuEqcGe6BBgFTagm7BsFYtz0Br3Rhn4iWd/oITh87njs\nbDfakayrp/afhdAVdDOIbsuCiTqOK9mSGlDg76gTAv6X/35QbF+5T2fuuG89ZCg+\ndHz2N8qwsl8ZAtvu4kFmk/GMkL/IRYfnoJ3Nah5QOSOkzyFKr5vF6gxW+/GGkYRK\ndAiEK1JUNqG83TRhCdNkrRYlBIjMXduiyyl0P3ha+7ESMIpWfq+JjT0ldNO/OY0v\ne2QMWp7rHQoQJ8p01rjBdtY3ER65Kgk5UL23CJutd85l9M7RXwkRdJ5AinkfAT13\nvZGnTRzI4REldgdQRch2Qw1LTWl+WNS70TCzV5jaVx64lrsFGmF1FyCm84gNSKeX\nVhJqyvX53PWFI3riDEJalfPN2rXq96cq4PaT4V62gFdEyU90yaJCOtI4T2cy0tXi\nTFQUDiS/rMxV5Sdfw2CqPlQEeHPxVdwO12OTg6nEXJVl5th/KSj8rhBVr78CAwEA\nAQKCAgA6MKxi780mT6Qj5csBKsrHr7Yer3ie0j+XVBBXtoQmqlW/cLbv3Z07YjGL\nh0t2+rF2C4Q2tfKMBCRDHl6Kh3j21OrN1kpSpszUvpFC5rDTP19DdZUHyDx0edil\nh3UVmEpwGJUuTSoEdwsRRaDQM31XQzWyJVOv4sFh49UhhXpANe2ZMSPsqOxddzST\nfmmterENsWKKq93gcA10LeVMq00hfc+HCuCTucxBRL0eOnbxqduFwIP8rKUFxNB9\nr0Oyo+RluOAh+QARZpfDmZsUkuy09u3exkxzOzWlAO3+PkXKmnrtuhdxBySDXzlX\nEd3z15Knu3VwGUFba2fu5ug9Jnztqr7CfRcwmYPCKhyS+1SYxGj5eX/CjFuC43uT\nRcwGFPxo/aGwZ1+9Ss20xnZMtNh7XHj7+zIek/WfirKLYSL1tWlsO21M4V2jNidP\nDIabsx/L0yYbO46sLUarI/CEYx7q2r0AUnDjfZqI8Uen5E+mZNPXgt8OHQuGrtl7\nmbksA4vjkH1ziQDd7E2OPqFFtZq5l09/QUQ5jekvaHLNyq8B+UHGztkbnTyorrCM\nqhm2R37mk21Ycg6Sj8TjMQvjwCZOprvr7knTGZLvXbLWG3HPw2v+lc02p5jDiukY\nxnxWD9AguFZKe7Sfcrq2gOWsBrQCUuagGAP4UiYfD8Hp/g6ZQQKCAQEA92/oxUNI\nXvncTtKGGXZtPKBc7kdaHJwBvuCnCH6toJi+U5ORMWUtWtUsodnb2wng4En25W4I\nO4nLr/SloMlwrh9kwmDQzQqBjef8UMrm901NqHmnFKPJ20C7224IHshQJ8Qx+NJK\nJ0KygXGYcxJ8oza1nnCfByLnXvhZDkkeXnhKsnWkcX7ro/6lMSr2mawjgS5b4LgW\nzWn6+PRz0vVGTgyFFW8Vh8w4qJLGv2C7vUSYBtL6QnKH6brLrfAADBByHUSxe7sR\nBLrnM1HMgimVvHQy2kagsZ+3g+9+egewXeAjuiDljCYpeyayZyhujptVxJaA5F6m\nc1G+/yABbXbNXwKCAQEA8WxdJytxWchtNBB+OBaU7NsV7HmNnY26qGsjLkx9OXx7\nBhhpbitNW4Beyk03YADiMI1SnMW6uEd3pEYQzAUxJPbh+9v14JLnrzZkwYPoD1we\n9IZOQ/cwVPxE+PbPMpgZDy1RLxQpPq9jTXQzg0RRRzPuuKlGe7RZjIBGzEJGAqnp\nIPuXSUnqfGb1mRQRSpB7QR4uI42jD5HsPTAKtf1LCgsJ5LV5KYNFIpK4v6sAcpyv\ndCgzFLrpj2dviMaDLk6iOe60NaBpRoMLir1uawBPmdzHRZffYFxSr5cXAQmytZIZ\nWqSvAx/YV2KX3wmzv3ZCjsa1ohVsILfJ97imjxfZoQKCAQBwRO6w0p57uZMkkJEX\n7IwT/g8sbmOMp5yDJxui1xegzq1M7p/qcaXqmN7vcRI4iHroSack4pAJs7Qf2jls\ngvoFh2kIaTVUU3gFE0WAww+ZFhIuZ0RQMSDdwrl6DqrQjMMRyAuEgqXyumiUIx6w\n16qFw8UUZrVBX6zrgnOl77c/1gTOhGJgvN3eQyRg8sWBZIGXk5lMlTqDaZreasxC\n49dKgpO/7e8u9pKeqjpTi2ijsAPq1L+Idr8EZiUUftkGoE+myAxfv7kxFDzjJDJO\nvN+b6n1IXNN8xKNX0crpQ6PadGDBizucI5SetCgudkHzord/w2ooNGoB2Q14ZOVA\n7a6xAoIBAQDc0tqt3k2y6uIAMmnREc6si4SVJWXETAQE0uJ+Edakw1if7apZ69+5\nJ0UM0+4nsQczk8CRx0aQEka8Cp6IjuMxxWRVBA/1l0m1+RHV87pKel+SGFr0TeB2\ni7zm4JIK3BZnzHKqlk1XmgNBsF0B33Zco4Lig2sF8aPLIPYhFSmGfDXSRm5Nyf9i\nRKa2myVpx5gFqv5W5NHWhwnHue7CIeoGSKyG9vrZXsnY4s17+4TQUMMngzGd7418\n7waU28bXj3NRfCZ3ur8wkOL4x2Z9Fu64dLoMzOqz8B5tn8yZ1W4SKI1qXKH8QJ+Y\n5oS1rOEt6pTclaNDm0ao8pMZNFudHRqhAoIBAQCCYrdjQ0e/51QgJVElzaHFHxCS\nGk3Edde3s/9yi4HN8/i0UuExFROMMx/IJZNpudswEmkngOcQlEef1HH/h4fNzz+a\nO1uThxhp5r9jlSq2a4RoYzgLdSGkeu7eKe/eM4CoP+mkBudLU0DAUKd3pvpliwh9\n0iH3o6jeIBxkgKR6JbfOjuwmHtUeBo/wFVh7Snj4JOB8efjZ/sLqQBCbIKgLrCCY\nVZdd7muXOLfDOfe9X8DLplPAsfVcBLCQX7d0ZfvD+7Qt2Ojl29xPvmsnn8J0yIdK\nWDDf4a0HU7Xc9eq2RElcD6jlcBlZ4yJskE/jcYD23iyChwuThQVRoxVEHiPv\n-----END RSA PRIVATE KEY-----\n",
      "type": "string"
    }
  },
  "resources": [
    {
      "mode": "managed",
      "type": "azurerm_linux_virtual_machine",
      "name": "myterraformvm",
      "provider": "provider.azurerm",
      "instances": [
        {
          "schema_version": 0,
          "attributes": {
            "additional_capabilities": [],
            "admin_password": "Pass@123456",
            "admin_ssh_key": [
              {
                "public_key": "ssh-rsa AAAAB3NzaC1yc2EAAAADAQABAAACAQDpWRdhayj+tladpLkicUBXIcjeRMFE+6rfxfmC81NWHRxNO1OD0qdXMY92y3ZQ5HQdVrSUl9ZNJCxJaY5Cus2k9TOgFu9VFwCqmuM/dHWDCLujiCUtRhHWRnmjbRxaX2U+aA/Fo/5VcvvKkIzxm/4Zyrm0Y6cr8ewNzbPco8gC4pBg+RQICImRr5yrKZtXFUPA8VuO4SpwZ7oEGAVNqCbsGwVi3PQGvdGGfiJZ3+ghOHzueOxsN9qRrKun9p+F0BV0M4huy4KJOo4r2ZIaUODvqBMC/pf/flBsX7lPZ+64bz1kKD50fPY3yrCyXxkC2+7iQWaT8YyQv8hFh+egnc1qHlA5I6TPIUqvm8XqDFb78YaRhEp0CIQrUlQ2obzdNGEJ02StFiUEiMxd26LLKXQ/eFr7sRIwilZ+r4mNPSV00785jS97ZAxanusdChAnynTWuMF21jcRHrkqCTlQvbcIm613zmX0ztFfCRF0nkCKeR8BPXe9kadNHMjhESV2B1BFyHZDDUtNaX5Y1LvRMLNXmNpXHriWuwUaYXUXIKbziA1Ip5dWEmrK9fnc9YUjeuIMQlqV883ater3pyrg9pPhXraAV0TJT3TJokI60jhPZzLS1eJMVBQOJL+szFXlJ1/DYKo+VAR4c/FV3A7XY5ODqcRclWXm2H8pKPyuEFWvvw==\n",
                "username": "gopal"
              }
            ],
            "admin_username": "gopal",
            "allow_extension_operations": true,
            "availability_set_id": "",
            "boot_diagnostics": [
              {
                "storage_account_uri": "https://diag1873cbe2bd499292.blob.core.windows.net/"
              }
            ],
            "computer_name": "myvm",
            "custom_data": null,
            "dedicated_host_id": "",
            "disable_password_authentication": true,
            "encryption_at_host_enabled": false,
            "eviction_policy": "",
            "id": "/subscriptions/e013c260-fa82-4138-b148-1ce36c8788ef/resourceGroups/myResourceGroup/providers/Microsoft.Compute/virtualMachines/myVM",
            "identity": [],
            "location": "eastus",
            "max_bid_price": -1,
            "name": "myVM",
            "network_interface_ids": [
              "/subscriptions/e013c260-fa82-4138-b148-1ce36c8788ef/resourceGroups/myResourceGroup/providers/Microsoft.Network/networkInterfaces/myNic"
            ],
            "os_disk": [
              {
                "caching": "ReadWrite",
                "diff_disk_settings": [],
                "disk_encryption_set_id": "",
                "disk_size_gb": 30,
                "name": "myOSDisk",
                "storage_account_type": "Premium_LRS",
                "write_accelerator_enabled": false
              }
            ],
            "plan": [],
            "priority": "Regular",
            "private_ip_address": "1.0.2.4",
            "private_ip_addresses": [
              "1.0.2.4"
            ],
            "provision_vm_agent": true,
            "proximity_placement_group_id": "",
            "public_ip_address": "40.87.120.101",
            "public_ip_addresses": [
              "40.87.120.101"
            ],
            "resource_group_name": "myResourceGroup",
            "secret": [],
            "size": "Standard_DS1_V2",
            "source_image_id": "",
            "source_image_reference": [
              {
                "offer": "UbuntuServer",
                "publisher": "Canonical",
                "sku": "18.04-LTS",
                "version": "latest"
              }
            ],
            "tags": {
              "environment": "Terraform Metlife"
            },
            "timeouts": null,
            "virtual_machine_id": "b7256f71-32e4-4e70-9a7a-23e67e066a6b",
            "virtual_machine_scale_set_id": "",
            "zone": ""
          },
          "private": "eyJlMmJmYjczMC1lY2FhLTExZTYtOGY4OC0zNDM2M2JjN2M0YzAiOnsiY3JlYXRlIjoyNzAwMDAwMDAwMDAwLCJkZWxldGUiOjI3MDAwMDAwMDAwMDAsInJlYWQiOjMwMDAwMDAwMDAwMCwidXBkYXRlIjoyNzAwMDAwMDAwMDAwfX0=",
          "dependencies": [
            "azurerm_network_interface.myterraformnic",
            "azurerm_resource_group.myterraform",
            "azurerm_storage_account.mystorageaccount",
            "tls_private_key.example_ssh"
          ]
        }
      ]
    },
    {
      "mode": "managed",
      "type": "azurerm_network_interface",
      "name": "myterraformnic",
      "provider": "provider.azurerm",
      "instances": [
        {
          "schema_version": 0,
          "attributes": {
            "applied_dns_servers": [],
            "dns_servers": [],
            "enable_accelerated_networking": false,
            "enable_ip_forwarding": false,
            "id": "/subscriptions/e013c260-fa82-4138-b148-1ce36c8788ef/resourceGroups/myResourceGroup/providers/Microsoft.Network/networkInterfaces/myNic",
            "internal_dns_name_label": "",
            "internal_domain_name_suffix": "y5qeuy2yoj1ejggq4rx5dbthma.bx.internal.cloudapp.net",
            "ip_configuration": [
              {
                "name": "mynicconfiguration",
                "primary": true,
                "private_ip_address": "1.0.2.4",
                "private_ip_address_allocation": "Dynamic",
                "private_ip_address_version": "IPv4",
                "public_ip_address_id": "/subscriptions/e013c260-fa82-4138-b148-1ce36c8788ef/resourceGroups/myResourceGroup/providers/Microsoft.Network/publicIPAddresses/myPublicIp",
                "subnet_id": "/subscriptions/e013c260-fa82-4138-b148-1ce36c8788ef/resourceGroups/myResourceGroup/providers/Microsoft.Network/virtualNetworks/mvVnet/subnets/mysubnet"
              }
            ],
            "location": "eastus",
            "mac_address": "00-0D-3A-8F-31-D8",
            "name": "myNic",
            "private_ip_address": "1.0.2.4",
            "private_ip_addresses": [
              "1.0.2.4"
            ],
            "resource_group_name": "myResourceGroup",
            "tags": {
              "environment": "Terraform Metlife"
            },
            "timeouts": null,
            "virtual_machine_id": "/subscriptions/e013c260-fa82-4138-b148-1ce36c8788ef/resourceGroups/myResourceGroup/providers/Microsoft.Compute/virtualMachines/myVM"
          },
          "private": "eyJlMmJmYjczMC1lY2FhLTExZTYtOGY4OC0zNDM2M2JjN2M0YzAiOnsiY3JlYXRlIjoxODAwMDAwMDAwMDAwLCJkZWxldGUiOjE4MDAwMDAwMDAwMDAsInJlYWQiOjMwMDAwMDAwMDAwMCwidXBkYXRlIjoxODAwMDAwMDAwMDAwfX0=",
          "dependencies": [
            "azurerm_public_ip.myterraformpublicip",
            "azurerm_resource_group.myterraform",
            "azurerm_subnet.myterraformsubnet",
            "azurerm_virtual_network.myterraformnetwork"
          ]
        }
      ]
    },
    {
      "mode": "managed",
      "type": "azurerm_network_interface_security_group_association",
      "name": "example",
      "provider": "provider.azurerm",
      "instances": [
        {
          "schema_version": 0,
          "attributes": {
            "id": "/subscriptions/e013c260-fa82-4138-b148-1ce36c8788ef/resourceGroups/myResourceGroup/providers/Microsoft.Network/networkInterfaces/myNic|/subscriptions/e013c260-fa82-4138-b148-1ce36c8788ef/resourceGroups/myResourceGroup/providers/Microsoft.Network/networkSecurityGroups/myNetworkSecurityGroup",
            "network_interface_id": "/subscriptions/e013c260-fa82-4138-b148-1ce36c8788ef/resourceGroups/myResourceGroup/providers/Microsoft.Network/networkInterfaces/myNic",
            "network_security_group_id": "/subscriptions/e013c260-fa82-4138-b148-1ce36c8788ef/resourceGroups/myResourceGroup/providers/Microsoft.Network/networkSecurityGroups/myNetworkSecurityGroup",
            "timeouts": null
          },
          "private": "eyJlMmJmYjczMC1lY2FhLTExZTYtOGY4OC0zNDM2M2JjN2M0YzAiOnsiY3JlYXRlIjoxODAwMDAwMDAwMDAwLCJkZWxldGUiOjE4MDAwMDAwMDAwMDAsInJlYWQiOjMwMDAwMDAwMDAwMCwidXBkYXRlIjoxODAwMDAwMDAwMDAwfX0=",
          "dependencies": [
            "azurerm_network_interface.myterraformnic",
            "azurerm_network_security_group.myterraformnsg",
            "azurerm_public_ip.myterraformpublicip",
            "azurerm_resource_group.myterraform",
            "azurerm_subnet.myterraformsubnet",
            "azurerm_virtual_network.myterraformnetwork"
          ]
        }
      ]
    },
    {
      "mode": "managed",
      "type": "azurerm_network_security_group",
      "name": "myterraformnsg",
      "provider": "provider.azurerm",
      "instances": [
        {
          "schema_version": 0,
          "attributes": {
            "id": "/subscriptions/e013c260-fa82-4138-b148-1ce36c8788ef/resourceGroups/myResourceGroup/providers/Microsoft.Network/networkSecurityGroups/myNetworkSecurityGroup",
            "location": "eastus",
            "name": "myNetworkSecurityGroup",
            "resource_group_name": "myResourceGroup",
            "security_rule": [
              {
                "access": "Allow",
                "description": "",
                "destination_address_prefix": "*",
                "destination_address_prefixes": [],
                "destination_application_security_group_ids": [],
                "destination_port_range": "22",
                "destination_port_ranges": [],
                "direction": "Inbound",
                "name": "SSH",
                "priority": 1001,
                "protocol": "TCP",
                "source_address_prefix": "*",
                "source_address_prefixes": [],
                "source_application_security_group_ids": [],
                "source_port_range": "*",
                "source_port_ranges": []
              }
            ],
            "tags": {
              "environment": "Terraform Metlife"
            },
            "timeouts": null
          },
          "private": "eyJlMmJmYjczMC1lY2FhLTExZTYtOGY4OC0zNDM2M2JjN2M0YzAiOnsiY3JlYXRlIjoxODAwMDAwMDAwMDAwLCJkZWxldGUiOjE4MDAwMDAwMDAwMDAsInJlYWQiOjMwMDAwMDAwMDAwMCwidXBkYXRlIjoxODAwMDAwMDAwMDAwfX0=",
          "dependencies": [
            "azurerm_resource_group.myterraform"
          ]
        }
      ]
    },
    {
      "mode": "managed",
      "type": "azurerm_public_ip",
      "name": "myterraformpublicip",
      "provider": "provider.azurerm",
      "instances": [
        {
          "schema_version": 0,
          "attributes": {
            "allocation_method": "Dynamic",
            "domain_name_label": null,
            "fqdn": null,
            "id": "/subscriptions/e013c260-fa82-4138-b148-1ce36c8788ef/resourceGroups/myResourceGroup/providers/Microsoft.Network/publicIPAddresses/myPublicIp",
            "idle_timeout_in_minutes": 4,
            "ip_address": "40.87.120.101",
            "ip_version": "IPv4",
            "location": "eastus",
            "name": "myPublicIp",
            "public_ip_prefix_id": null,
            "resource_group_name": "myResourceGroup",
            "reverse_fqdn": null,
            "sku": "Basic",
            "tags": {
              "environment": "Terraform Metlife"
            },
            "timeouts": null,
            "zones": []
          },
          "private": "eyJlMmJmYjczMC1lY2FhLTExZTYtOGY4OC0zNDM2M2JjN2M0YzAiOnsiY3JlYXRlIjoxODAwMDAwMDAwMDAwLCJkZWxldGUiOjE4MDAwMDAwMDAwMDAsInJlYWQiOjMwMDAwMDAwMDAwMCwidXBkYXRlIjoxODAwMDAwMDAwMDAwfX0=",
          "dependencies": [
            "azurerm_resource_group.myterraform"
          ]
        }
      ]
    },
    {
      "mode": "managed",
      "type": "azurerm_resource_group",
      "name": "myterraform",
      "provider": "provider.azurerm",
      "instances": [
        {
          "schema_version": 0,
          "attributes": {
            "id": "/subscriptions/e013c260-fa82-4138-b148-1ce36c8788ef/resourceGroups/myResourceGroup",
            "location": "eastus",
            "name": "myResourceGroup",
            "tags": {
              "environment": "Terraform Metlife"
            },
            "timeouts": null
          },
          "private": "eyJlMmJmYjczMC1lY2FhLTExZTYtOGY4OC0zNDM2M2JjN2M0YzAiOnsiY3JlYXRlIjo1NDAwMDAwMDAwMDAwLCJkZWxldGUiOjU0MDAwMDAwMDAwMDAsInJlYWQiOjMwMDAwMDAwMDAwMCwidXBkYXRlIjo1NDAwMDAwMDAwMDAwfX0="
        }
      ]
    },
    {
      "mode": "managed",
      "type": "azurerm_storage_account",
      "name": "mystorageaccount",
      "provider": "provider.azurerm",
      "instances": [
        {
          "schema_version": 2,
          "attributes": {
            "access_tier": "Hot",
            "account_kind": "StorageV2",
            "account_replication_type": "LRS",
            "account_tier": "Standard",
            "allow_blob_public_access": false,
            "blob_properties": [],
            "custom_domain": [],
            "enable_https_traffic_only": true,
            "id": "/subscriptions/e013c260-fa82-4138-b148-1ce36c8788ef/resourceGroups/myResourceGroup/providers/Microsoft.Storage/storageAccounts/diag1873cbe2bd499292",
            "identity": [],
            "is_hns_enabled": false,
            "location": "eastus",
            "min_tls_version": "TLS1_0",
            "name": "diag1873cbe2bd499292",
            "network_rules": [
              {
                "bypass": [
                  "AzureServices"
                ],
                "default_action": "Allow",
                "ip_rules": [],
                "virtual_network_subnet_ids": []
              }
            ],
            "primary_access_key": "4RNOAUYMZiJeRo+KUbvdGe60iMmUH4s3UTfKlSTTtBGpklETC0+n9jJh4Zgt2MO5aOXY+cy63ct0XFkjOqxybQ==",
            "primary_blob_connection_string": "DefaultEndpointsProtocol=https;BlobEndpoint=https://diag1873cbe2bd499292.blob.core.windows.net/;AccountName=diag1873cbe2bd499292;AccountKey=4RNOAUYMZiJeRo+KUbvdGe60iMmUH4s3UTfKlSTTtBGpklETC0+n9jJh4Zgt2MO5aOXY+cy63ct0XFkjOqxybQ==",
            "primary_blob_endpoint": "https://diag1873cbe2bd499292.blob.core.windows.net/",
            "primary_blob_host": "diag1873cbe2bd499292.blob.core.windows.net",
            "primary_connection_string": "DefaultEndpointsProtocol=https;AccountName=diag1873cbe2bd499292;AccountKey=4RNOAUYMZiJeRo+KUbvdGe60iMmUH4s3UTfKlSTTtBGpklETC0+n9jJh4Zgt2MO5aOXY+cy63ct0XFkjOqxybQ==;EndpointSuffix=core.windows.net",
            "primary_dfs_endpoint": "https://diag1873cbe2bd499292.dfs.core.windows.net/",
            "primary_dfs_host": "diag1873cbe2bd499292.dfs.core.windows.net",
            "primary_file_endpoint": "https://diag1873cbe2bd499292.file.core.windows.net/",
            "primary_file_host": "diag1873cbe2bd499292.file.core.windows.net",
            "primary_location": "eastus",
            "primary_queue_endpoint": "https://diag1873cbe2bd499292.queue.core.windows.net/",
            "primary_queue_host": "diag1873cbe2bd499292.queue.core.windows.net",
            "primary_table_endpoint": "https://diag1873cbe2bd499292.table.core.windows.net/",
            "primary_table_host": "diag1873cbe2bd499292.table.core.windows.net",
            "primary_web_endpoint": "https://diag1873cbe2bd499292.z13.web.core.windows.net/",
            "primary_web_host": "diag1873cbe2bd499292.z13.web.core.windows.net",
            "queue_properties": [
              {
                "cors_rule": [],
                "hour_metrics": [
                  {
                    "enabled": true,
                    "include_apis": true,
                    "retention_policy_days": 7,
                    "version": "1.0"
                  }
                ],
                "logging": [
                  {
                    "delete": false,
                    "read": false,
                    "retention_policy_days": 0,
                    "version": "1.0",
                    "write": false
                  }
                ],
                "minute_metrics": [
                  {
                    "enabled": false,
                    "include_apis": false,
                    "retention_policy_days": 0,
                    "version": "1.0"
                  }
                ]
              }
            ],
            "resource_group_name": "myResourceGroup",
            "secondary_access_key": "Kzk9tAE0C/GKe0dBShqcLfskKnSy760ldu6URzGrnTf20n2AAdJZyW04eHSvey8xiOOUJE8TG38gWh/v9LA0mQ==",
            "secondary_blob_connection_string": "",
            "secondary_blob_endpoint": null,
            "secondary_blob_host": null,
            "secondary_connection_string": "DefaultEndpointsProtocol=https;AccountName=diag1873cbe2bd499292;AccountKey=Kzk9tAE0C/GKe0dBShqcLfskKnSy760ldu6URzGrnTf20n2AAdJZyW04eHSvey8xiOOUJE8TG38gWh/v9LA0mQ==;EndpointSuffix=core.windows.net",
            "secondary_dfs_endpoint": null,
            "secondary_dfs_host": null,
            "secondary_file_endpoint": null,
            "secondary_file_host": null,
            "secondary_location": "",
            "secondary_queue_endpoint": null,
            "secondary_queue_host": null,
            "secondary_table_endpoint": null,
            "secondary_table_host": null,
            "secondary_web_endpoint": null,
            "secondary_web_host": null,
            "static_website": [],
            "tags": {
              "environment": "Terraform Metlife"
            },
            "timeouts": null
          },
          "private": "eyJlMmJmYjczMC1lY2FhLTExZTYtOGY4OC0zNDM2M2JjN2M0YzAiOnsiY3JlYXRlIjozNjAwMDAwMDAwMDAwLCJkZWxldGUiOjM2MDAwMDAwMDAwMDAsInJlYWQiOjMwMDAwMDAwMDAwMCwidXBkYXRlIjozNjAwMDAwMDAwMDAwfSwic2NoZW1hX3ZlcnNpb24iOiIyIn0=",
          "dependencies": [
            "azurerm_resource_group.myterraform",
            "random_id.randomid"
          ]
        }
      ]
    },
    {
      "mode": "managed",
      "type": "azurerm_subnet",
      "name": "myterraformsubnet",
      "provider": "provider.azurerm",
      "instances": [
        {
          "schema_version": 0,
          "attributes": {
            "address_prefix": "1.0.2.0/24",
            "address_prefixes": [
              "1.0.2.0/24"
            ],
            "delegation": [],
            "enforce_private_link_endpoint_network_policies": false,
            "enforce_private_link_service_network_policies": false,
            "id": "/subscriptions/e013c260-fa82-4138-b148-1ce36c8788ef/resourceGroups/myResourceGroup/providers/Microsoft.Network/virtualNetworks/mvVnet/subnets/mysubnet",
            "name": "mysubnet",
            "resource_group_name": "myResourceGroup",
            "service_endpoints": [],
            "timeouts": null,
            "virtual_network_name": "mvVnet"
          },
          "private": "eyJlMmJmYjczMC1lY2FhLTExZTYtOGY4OC0zNDM2M2JjN2M0YzAiOnsiY3JlYXRlIjoxODAwMDAwMDAwMDAwLCJkZWxldGUiOjE4MDAwMDAwMDAwMDAsInJlYWQiOjMwMDAwMDAwMDAwMCwidXBkYXRlIjoxODAwMDAwMDAwMDAwfX0=",
          "dependencies": [
            "azurerm_resource_group.myterraform",
            "azurerm_virtual_network.myterraformnetwork"
          ]
        }
      ]
    },
    {
      "mode": "managed",
      "type": "azurerm_virtual_network",
      "name": "myterraformnetwork",
      "provider": "provider.azurerm",
      "instances": [
        {
          "schema_version": 0,
          "attributes": {
            "address_space": [
              "1.0.0.0/16"
            ],
            "ddos_protection_plan": [],
            "dns_servers": [],
            "guid": "634ae0c7-7298-4476-98d0-f46ff1866760",
            "id": "/subscriptions/e013c260-fa82-4138-b148-1ce36c8788ef/resourceGroups/myResourceGroup/providers/Microsoft.Network/virtualNetworks/mvVnet",
            "location": "eastus",
            "name": "mvVnet",
            "resource_group_name": "myResourceGroup",
            "subnet": [
              {
                "address_prefix": "1.0.2.0/24",
                "id": "/subscriptions/e013c260-fa82-4138-b148-1ce36c8788ef/resourceGroups/myResourceGroup/providers/Microsoft.Network/virtualNetworks/mvVnet/subnets/mysubnet",
                "name": "mysubnet",
                "security_group": ""
              }
            ],
            "tags": {
              "environment": "Terraform Metlife"
            },
            "timeouts": null
          },
          "private": "eyJlMmJmYjczMC1lY2FhLTExZTYtOGY4OC0zNDM2M2JjN2M0YzAiOnsiY3JlYXRlIjoxODAwMDAwMDAwMDAwLCJkZWxldGUiOjE4MDAwMDAwMDAwMDAsInJlYWQiOjMwMDAwMDAwMDAwMCwidXBkYXRlIjoxODAwMDAwMDAwMDAwfX0=",
          "dependencies": [
            "azurerm_resource_group.myterraform"
          ]
        }
      ]
    },
    {
      "mode": "managed",
      "type": "random_id",
      "name": "randomid",
      "provider": "provider.random",
      "instances": [
        {
          "schema_version": 0,
          "attributes": {
            "b64_std": "GHPL4r1JkpI=",
            "b64_url": "GHPL4r1JkpI",
            "byte_length": 8,
            "dec": "1761976053930758802",
            "hex": "1873cbe2bd499292",
            "id": "GHPL4r1JkpI",
            "keepers": {
              "resource_group_name": "myResourceGroup"
            },
            "prefix": null
          },
          "private": "bnVsbA==",
          "dependencies": [
            "azurerm_resource_group.myterraform"
          ]
        }
      ]
    },
    {
      "mode": "managed",
      "type": "tls_private_key",
      "name": "example_ssh",
      "provider": "provider.tls",
      "instances": [
        {
          "schema_version": 0,
          "attributes": {
            "algorithm": "RSA",
            "ecdsa_curve": "P224",
            "id": "70003843914864d341e716f54df762e914758417",
            "private_key_pem": "-----BEGIN RSA PRIVATE KEY-----\nMIIJKQIBAAKCAgEA6VkXYWso/rZWnaS5InFAVyHI3kTBRPuq38X5gvNTVh0cTTtT\ng9KnVzGPdst2UOR0HVa0lJfWTSQsSWmOQrrNpPUzoBbvVRcAqprjP3R1gwi7o4gl\nLUYR1kZ5o20cWl9lPmgPxaP+VXL7ypCM8Zv+Gcq5tGOnK/HsDc2z3KPIAuKQYPkU\nCAiJka+cqymbVxVDwPFbjuEqcGe6BBgFTagm7BsFYtz0Br3Rhn4iWd/oITh87njs\nbDfakayrp/afhdAVdDOIbsuCiTqOK9mSGlDg76gTAv6X/35QbF+5T2fuuG89ZCg+\ndHz2N8qwsl8ZAtvu4kFmk/GMkL/IRYfnoJ3Nah5QOSOkzyFKr5vF6gxW+/GGkYRK\ndAiEK1JUNqG83TRhCdNkrRYlBIjMXduiyyl0P3ha+7ESMIpWfq+JjT0ldNO/OY0v\ne2QMWp7rHQoQJ8p01rjBdtY3ER65Kgk5UL23CJutd85l9M7RXwkRdJ5AinkfAT13\nvZGnTRzI4REldgdQRch2Qw1LTWl+WNS70TCzV5jaVx64lrsFGmF1FyCm84gNSKeX\nVhJqyvX53PWFI3riDEJalfPN2rXq96cq4PaT4V62gFdEyU90yaJCOtI4T2cy0tXi\nTFQUDiS/rMxV5Sdfw2CqPlQEeHPxVdwO12OTg6nEXJVl5th/KSj8rhBVr78CAwEA\nAQKCAgA6MKxi780mT6Qj5csBKsrHr7Yer3ie0j+XVBBXtoQmqlW/cLbv3Z07YjGL\nh0t2+rF2C4Q2tfKMBCRDHl6Kh3j21OrN1kpSpszUvpFC5rDTP19DdZUHyDx0edil\nh3UVmEpwGJUuTSoEdwsRRaDQM31XQzWyJVOv4sFh49UhhXpANe2ZMSPsqOxddzST\nfmmterENsWKKq93gcA10LeVMq00hfc+HCuCTucxBRL0eOnbxqduFwIP8rKUFxNB9\nr0Oyo+RluOAh+QARZpfDmZsUkuy09u3exkxzOzWlAO3+PkXKmnrtuhdxBySDXzlX\nEd3z15Knu3VwGUFba2fu5ug9Jnztqr7CfRcwmYPCKhyS+1SYxGj5eX/CjFuC43uT\nRcwGFPxo/aGwZ1+9Ss20xnZMtNh7XHj7+zIek/WfirKLYSL1tWlsO21M4V2jNidP\nDIabsx/L0yYbO46sLUarI/CEYx7q2r0AUnDjfZqI8Uen5E+mZNPXgt8OHQuGrtl7\nmbksA4vjkH1ziQDd7E2OPqFFtZq5l09/QUQ5jekvaHLNyq8B+UHGztkbnTyorrCM\nqhm2R37mk21Ycg6Sj8TjMQvjwCZOprvr7knTGZLvXbLWG3HPw2v+lc02p5jDiukY\nxnxWD9AguFZKe7Sfcrq2gOWsBrQCUuagGAP4UiYfD8Hp/g6ZQQKCAQEA92/oxUNI\nXvncTtKGGXZtPKBc7kdaHJwBvuCnCH6toJi+U5ORMWUtWtUsodnb2wng4En25W4I\nO4nLr/SloMlwrh9kwmDQzQqBjef8UMrm901NqHmnFKPJ20C7224IHshQJ8Qx+NJK\nJ0KygXGYcxJ8oza1nnCfByLnXvhZDkkeXnhKsnWkcX7ro/6lMSr2mawjgS5b4LgW\nzWn6+PRz0vVGTgyFFW8Vh8w4qJLGv2C7vUSYBtL6QnKH6brLrfAADBByHUSxe7sR\nBLrnM1HMgimVvHQy2kagsZ+3g+9+egewXeAjuiDljCYpeyayZyhujptVxJaA5F6m\nc1G+/yABbXbNXwKCAQEA8WxdJytxWchtNBB+OBaU7NsV7HmNnY26qGsjLkx9OXx7\nBhhpbitNW4Beyk03YADiMI1SnMW6uEd3pEYQzAUxJPbh+9v14JLnrzZkwYPoD1we\n9IZOQ/cwVPxE+PbPMpgZDy1RLxQpPq9jTXQzg0RRRzPuuKlGe7RZjIBGzEJGAqnp\nIPuXSUnqfGb1mRQRSpB7QR4uI42jD5HsPTAKtf1LCgsJ5LV5KYNFIpK4v6sAcpyv\ndCgzFLrpj2dviMaDLk6iOe60NaBpRoMLir1uawBPmdzHRZffYFxSr5cXAQmytZIZ\nWqSvAx/YV2KX3wmzv3ZCjsa1ohVsILfJ97imjxfZoQKCAQBwRO6w0p57uZMkkJEX\n7IwT/g8sbmOMp5yDJxui1xegzq1M7p/qcaXqmN7vcRI4iHroSack4pAJs7Qf2jls\ngvoFh2kIaTVUU3gFE0WAww+ZFhIuZ0RQMSDdwrl6DqrQjMMRyAuEgqXyumiUIx6w\n16qFw8UUZrVBX6zrgnOl77c/1gTOhGJgvN3eQyRg8sWBZIGXk5lMlTqDaZreasxC\n49dKgpO/7e8u9pKeqjpTi2ijsAPq1L+Idr8EZiUUftkGoE+myAxfv7kxFDzjJDJO\nvN+b6n1IXNN8xKNX0crpQ6PadGDBizucI5SetCgudkHzord/w2ooNGoB2Q14ZOVA\n7a6xAoIBAQDc0tqt3k2y6uIAMmnREc6si4SVJWXETAQE0uJ+Edakw1if7apZ69+5\nJ0UM0+4nsQczk8CRx0aQEka8Cp6IjuMxxWRVBA/1l0m1+RHV87pKel+SGFr0TeB2\ni7zm4JIK3BZnzHKqlk1XmgNBsF0B33Zco4Lig2sF8aPLIPYhFSmGfDXSRm5Nyf9i\nRKa2myVpx5gFqv5W5NHWhwnHue7CIeoGSKyG9vrZXsnY4s17+4TQUMMngzGd7418\n7waU28bXj3NRfCZ3ur8wkOL4x2Z9Fu64dLoMzOqz8B5tn8yZ1W4SKI1qXKH8QJ+Y\n5oS1rOEt6pTclaNDm0ao8pMZNFudHRqhAoIBAQCCYrdjQ0e/51QgJVElzaHFHxCS\nGk3Edde3s/9yi4HN8/i0UuExFROMMx/IJZNpudswEmkngOcQlEef1HH/h4fNzz+a\nO1uThxhp5r9jlSq2a4RoYzgLdSGkeu7eKe/eM4CoP+mkBudLU0DAUKd3pvpliwh9\n0iH3o6jeIBxkgKR6JbfOjuwmHtUeBo/wFVh7Snj4JOB8efjZ/sLqQBCbIKgLrCCY\nVZdd7muXOLfDOfe9X8DLplPAsfVcBLCQX7d0ZfvD+7Qt2Ojl29xPvmsnn8J0yIdK\nWDDf4a0HU7Xc9eq2RElcD6jlcBlZ4yJskE/jcYD23iyChwuThQVRoxVEHiPv\n-----END RSA PRIVATE KEY-----\n",
            "public_key_fingerprint_md5": "c0:d7:db:01:4e:4f:b8:41:0e:15:10:22:c9:03:42:da",
            "public_key_openssh": "ssh-rsa AAAAB3NzaC1yc2EAAAADAQABAAACAQDpWRdhayj+tladpLkicUBXIcjeRMFE+6rfxfmC81NWHRxNO1OD0qdXMY92y3ZQ5HQdVrSUl9ZNJCxJaY5Cus2k9TOgFu9VFwCqmuM/dHWDCLujiCUtRhHWRnmjbRxaX2U+aA/Fo/5VcvvKkIzxm/4Zyrm0Y6cr8ewNzbPco8gC4pBg+RQICImRr5yrKZtXFUPA8VuO4SpwZ7oEGAVNqCbsGwVi3PQGvdGGfiJZ3+ghOHzueOxsN9qRrKun9p+F0BV0M4huy4KJOo4r2ZIaUODvqBMC/pf/flBsX7lPZ+64bz1kKD50fPY3yrCyXxkC2+7iQWaT8YyQv8hFh+egnc1qHlA5I6TPIUqvm8XqDFb78YaRhEp0CIQrUlQ2obzdNGEJ02StFiUEiMxd26LLKXQ/eFr7sRIwilZ+r4mNPSV00785jS97ZAxanusdChAnynTWuMF21jcRHrkqCTlQvbcIm613zmX0ztFfCRF0nkCKeR8BPXe9kadNHMjhESV2B1BFyHZDDUtNaX5Y1LvRMLNXmNpXHriWuwUaYXUXIKbziA1Ip5dWEmrK9fnc9YUjeuIMQlqV883ater3pyrg9pPhXraAV0TJT3TJokI60jhPZzLS1eJMVBQOJL+szFXlJ1/DYKo+VAR4c/FV3A7XY5ODqcRclWXm2H8pKPyuEFWvvw==\n",
            "public_key_pem": "-----BEGIN PUBLIC KEY-----\nMIICIjANBgkqhkiG9w0BAQEFAAOCAg8AMIICCgKCAgEA6VkXYWso/rZWnaS5InFA\nVyHI3kTBRPuq38X5gvNTVh0cTTtTg9KnVzGPdst2UOR0HVa0lJfWTSQsSWmOQrrN\npPUzoBbvVRcAqprjP3R1gwi7o4glLUYR1kZ5o20cWl9lPmgPxaP+VXL7ypCM8Zv+\nGcq5tGOnK/HsDc2z3KPIAuKQYPkUCAiJka+cqymbVxVDwPFbjuEqcGe6BBgFTagm\n7BsFYtz0Br3Rhn4iWd/oITh87njsbDfakayrp/afhdAVdDOIbsuCiTqOK9mSGlDg\n76gTAv6X/35QbF+5T2fuuG89ZCg+dHz2N8qwsl8ZAtvu4kFmk/GMkL/IRYfnoJ3N\nah5QOSOkzyFKr5vF6gxW+/GGkYRKdAiEK1JUNqG83TRhCdNkrRYlBIjMXduiyyl0\nP3ha+7ESMIpWfq+JjT0ldNO/OY0ve2QMWp7rHQoQJ8p01rjBdtY3ER65Kgk5UL23\nCJutd85l9M7RXwkRdJ5AinkfAT13vZGnTRzI4REldgdQRch2Qw1LTWl+WNS70TCz\nV5jaVx64lrsFGmF1FyCm84gNSKeXVhJqyvX53PWFI3riDEJalfPN2rXq96cq4PaT\n4V62gFdEyU90yaJCOtI4T2cy0tXiTFQUDiS/rMxV5Sdfw2CqPlQEeHPxVdwO12OT\ng6nEXJVl5th/KSj8rhBVr78CAwEAAQ==\n-----END PUBLIC KEY-----\n",
            "rsa_bits": 4096
          },
          "private": "bnVsbA=="
        }
      ]
    }
  ]
}
