{
  "version": 4,
  "terraform_version": "0.12.28",
  "serial": 67,
  "lineage": "91e80bea-afc7-f8e5-a091-c360568ca04c",
  "outputs": {
    "tls_private_key": {
      "value": "-----BEGIN RSA PRIVATE KEY-----\nMIIJKQIBAAKCAgEA2bQeUhX96t9LnCjl1+F0a9w0eevxqbVJPMBv63ieoy2qUv7+\nKgORW0Q7bR8Ady277AuedeqRjH+b2vtumSGcv8SEV6oDmCvMCQsCsEKxbk7F6Mhx\nw8mqRoEUZ9mP8XL9FUK3llghSDE8uo3Lr/SZ1kS9ccQrjztNaOpNKeId4g2novn7\n7Wbh/BOwMfTVNcXjsZ4UN+SihN0qDboysiWCRd5Q+xXIftkS1dq2WwB14+ZV6wNk\ncjIVqI9ZbiESgRmTyODi7OgzrA7OdtvqH+Smd7PaVNdXUJ2HIHYtm6JW/Rsqo3t4\ne2xPgTWJ9WuHQPr+9CUAG4nxr+iWPbzZIcRSEQ37D6/rcsroHSUPCpi8+WXhdRBM\nfbAPdVFZRuOR/4tffI1ydXqIBigzGMzik9W5PEGhSvfjS/63rT4KEQW/QYJNzLtU\naC0YO9a4e9nfVs+go7kF1w7AwwraHSJDRViERGO9NW+4zC8A8EDJ/XuYinv5mgz7\nT5PFDlAdqHgzAaQbcrnlYfJFUyHRfZKvkNvjmZD2oTvP0hqhdvqVTthkY/NVrhnt\nJmbOc++yCMnr5Tt+dO/FGGP8+LiBdpwHJQ5B1QPBiXbX7d4xcw5rIs/GEwqcl3Ln\nrilGEknB3pi9nSl8AKIC5qotyjjZQaOLDRdJJGv2ecghS6lh0/+ztqv4nc8CAwEA\nAQKCAgBb2+FzV241nZSkxqj851edb2QBEep9Zk4JwVU4MUQWrF0S+h86kRjTPr4o\ndA1ZPEXv+pMZRCm389xKkQ8AtCsUy5Hf/4/WtJw6MJgo0WtWlQxzBajjKQOdDjgS\n/bz77z4Uq3sViAg7EvOB7/TDQN1siMK670BGBorKOxrmEk/zozlZzktbx66RE6mj\n2p/gOaiyuHXlg6aDk2J8OlXLz4Hhg0X+PBnGVEfbTpblXRNhXz5flKXcfX+gCSR+\nEJxjNuyhtSprNisfbXv2sSJf5LXNCmmUpOxlyqJKszLZWa2EzOK36pBS28fMSE/2\n6zE93OqZD8e01wbQ574FPNsNoW3SlxWa9BqSKGai1/bO34oCTQ7cJEjyrtfIrkmX\nC8VVK8CH9UVXqjYhdhJEvZeMe2ZhmvQ7MS8ovePCZl37q1iPf7b8IpqNteToduuB\ntBYexoSQOZrfcwpbmCdtWPAwatPAynymOjIpI8/xqpiWWmtuNKjIUSjMPm2EgQ1W\nmRj50C4yQMhW2pnbVZOvFMfqw4ZJegRrc03wnGBe/xR0NOiVwFfJIK9NK47I5GaL\np0Fa3EPt7vITMk6oTve8P3HQExUBd/14C/VVNOmHb4tBcDrEGABrIcBtzKqUHlw9\ns/Fxs2WtSd+UFaSGCp4nLVQr+BAAQXM2jqc/qSvkhqtorthI0QKCAQEA5MOxGqo/\n3Rj3R4U/nVoWZ8wK5R/zLq/7MO+gB4hTrWpMrMIy/0zbBzRbFhfieN/7aHJP/9t+\nBL7QBhKBXyPmucnpkwABEUw4nAK+g/aXxangg5VTbgQd+RT6uwnL9TrPwAJmgY8d\nsRPXetoCaEjUr0BkjiledKyBdS0u1L13wPEMzKxM6G5MCQg1SZnYhuwzY6UztC0J\nzjMXrntbxXigZPH2u9UG5cp2cS64vi4zFZIytkA7m8Mov2R20UmW2quP2zL2cJff\nuH2Snpiw9aLkJ0ECoiYIKJUnAHFLSuUUi1zb7pJoT62FuZGNXZAHF8+n2R9d8Nw4\naP5R2BVeNQeMpwKCAQEA859QMw37yoCtqMqwqNGnuY65aYhBmDUEVRq38hhYXOHL\niVvi+/gQMlsFvUT3YNcFrhdJ8QTtGZnEfY2Bgu0N4yBSyhAF+U6Dcs+nsfMgEi53\nwgPZH1rLpnl1T46ho8FTjP0wFxGI40lj9VMciEOygM+24UOha7t+XKFc8foGVews\nhUOaJ1/T4T2WrKZytfUopfbBNjF6yCiv3KLIgRHTMWRg41prADl3lN2vSiyQS/Ib\njpF/anUEqVcbZ9mxmB+lygTgbFIiQKKp4/O51aelnmlpMTAAxb6ake/ql5ckMV6K\nzpfZE2gLG60KJGsoZZ9+zO1h505GOqmSl016MAnCmQKCAQA2PZwZeXKJBuliwNpT\ngc+8LqoKp6euUzWY5cgo4Q8OGB0z/RvAYsWwEJ7kPyeIh3sBydDkFnPrxh5mwi6A\nk2+ab6B9JUwbgNoPS6tGeMqFqIC+UkKk3D8LFwlYHbuJWrd1jFwnrfpZSR4XV+eo\nOFSNdRQijPaDbX+Ie/0VnhLt4XmqcdQObFCE97hCykKHwytwHfSDbQZdKModqcwZ\npz9IkAJziNAI3hd1QKG3HhcorzBs/A/mH8DimHx/pRYqpPEIBS5fhfMauFNyXTvg\nEg5MrGJmdeQLU0obFcHHcUeMv6i6CWbINZl2ZWeCXqr/31Gp7oEEogKSCnL3bCGZ\nK0ATAoIBAQDWtIsb07EasPlbjvbOcadd85kYlssod2EQF/IRXL9TbHPS5LZQ1jiA\nCJQwUD2sjRQmb8PstCi5rTjsZe/EEWNxziToi+KX60gRwUzLmbekDmvhAz8xUPW2\nC8kFinCOP22BDgp56iw4E5ASv2Kf/PmuaGGGefIjXiRpQpUFdRJsWy6JbCDJnry+\n/2ZxVmg2UI+4ZJW3SzgoeyMyUgxfI/R6zTpOZHt0wTDQc+dueYPaSs9agIRIsESh\ncXFnvwWzSgD04ANhs6kYScNscHpQ/+UIjWH1xZaIsAjNoSGg48Uz9Vxj4pOfdMyF\nYaVUn1QE6+H2fScRkXx3ascUrWWIPLHRAoIBAQC/nzRwbcTwp+CDsikAD54QnnpL\nUeD/tv27INR2XSnorAh1ZleCr60GlKuiPlsA5l3rYAIlV/f8iANIGobsG7kDcMkx\njZDrShpVhkCAVaze5nvWW/Olf8pabU28NVAy6IJyb2UAN6JxKuSfl2GH4mxve287\nx00LGxjGSDnFkkWVt+rqw1062YYKmDwvrqdzykNBTYAEpD95gSlfh46nHYC5Csuu\nWdJTjy6lcmzN17MhuK+0pAKpXoZ+mE45eScXy42cFZlRCFy03gAY2MPGhI/GAhav\nidJfgqJDWaNZz4GwP/9MlsrgBXHVYyrqmAfUsXQMeqnRL0zTDAo5DkCAbgf0\n-----END RSA PRIVATE KEY-----\n",
      "type": "string"
    }
  },
  "resources": [
    {
      "mode": "managed",
      "type": "azurerm_linux_virtual_machine",
      "name": "myterraformvm",
      "provider": "provider.azurerm",
      "instances": [
        {
          "schema_version": 0,
          "attributes": {
            "additional_capabilities": [],
            "admin_password": "Pass@123456",
            "admin_ssh_key": [
              {
                "public_key": "ssh-rsa AAAAB3NzaC1yc2EAAAADAQABAAACAQDZtB5SFf3q30ucKOXX4XRr3DR56/GptUk8wG/reJ6jLapS/v4qA5FbRDttHwB3LbvsC5516pGMf5va+26ZIZy/xIRXqgOYK8wJCwKwQrFuTsXoyHHDyapGgRRn2Y/xcv0VQreWWCFIMTy6jcuv9JnWRL1xxCuPO01o6k0p4h3iDaei+fvtZuH8E7Ax9NU1xeOxnhQ35KKE3SoNujKyJYJF3lD7Fch+2RLV2rZbAHXj5lXrA2RyMhWoj1luIRKBGZPI4OLs6DOsDs522+of5KZ3s9pU11dQnYcgdi2bolb9Gyqje3h7bE+BNYn1a4dA+v70JQAbifGv6JY9vNkhxFIRDfsPr+tyyugdJQ8KmLz5ZeF1EEx9sA91UVlG45H/i198jXJ1eogGKDMYzOKT1bk8QaFK9+NL/retPgoRBb9Bgk3Mu1RoLRg71rh72d9Wz6CjuQXXDsDDCtodIkNFWIREY701b7jMLwDwQMn9e5iKe/maDPtPk8UOUB2oeDMBpBtyueVh8kVTIdF9kq+Q2+OZkPahO8/SGqF2+pVO2GRj81WuGe0mZs5z77IIyevlO35078UYY/z4uIF2nAclDkHVA8GJdtft3jFzDmsiz8YTCpyXcueuKUYSScHemL2dKXwAogLmqi3KONlBo4sNF0kka/Z5yCFLqWHT/7O2q/idzw==\n",
                "username": "gopal"
              }
            ],
            "admin_username": "gopal",
            "allow_extension_operations": true,
            "availability_set_id": "",
            "boot_diagnostics": [
              {
                "storage_account_uri": "https://diagf1015da84a3d1a16.blob.core.windows.net/"
              }
            ],
            "computer_name": "myvm",
            "custom_data": null,
            "dedicated_host_id": "",
            "disable_password_authentication": true,
            "encryption_at_host_enabled": false,
            "eviction_policy": "",
            "id": "/subscriptions/e013c260-fa82-4138-b148-1ce36c8788ef/resourceGroups/web-rg/providers/Microsoft.Compute/virtualMachines/web-server-vm",
            "identity": [],
            "location": "westus2",
            "max_bid_price": -1,
            "name": "web-server-vm",
            "network_interface_ids": [
              "/subscriptions/e013c260-fa82-4138-b148-1ce36c8788ef/resourceGroups/web-rg/providers/Microsoft.Network/networkInterfaces/web-server-nic"
            ],
            "os_disk": [
              {
                "caching": "ReadWrite",
                "diff_disk_settings": [],
                "disk_encryption_set_id": "",
                "disk_size_gb": 30,
                "name": "web-server-disk",
                "storage_account_type": "Premium_LRS",
                "write_accelerator_enabled": false
              }
            ],
            "plan": [],
            "priority": "Regular",
            "private_ip_address": "1.0.2.4",
            "private_ip_addresses": [
              "1.0.2.4"
            ],
            "provision_vm_agent": true,
            "proximity_placement_group_id": "",
            "public_ip_address": "52.183.20.148",
            "public_ip_addresses": [
              "52.183.20.148"
            ],
            "resource_group_name": "web-rg",
            "secret": [],
            "size": "Standard_DS1_V2",
            "source_image_id": "",
            "source_image_reference": [
              {
                "offer": "UbuntuServer",
                "publisher": "Canonical",
                "sku": "18.04-LTS",
                "version": "latest"
              }
            ],
            "tags": {
              "environment": "Terraform Metlife"
            },
            "timeouts": null,
            "virtual_machine_id": "e9bca809-ffc1-40cd-8d7f-15b8f8fb734b",
            "virtual_machine_scale_set_id": "",
            "zone": ""
          },
          "private": "eyJlMmJmYjczMC1lY2FhLTExZTYtOGY4OC0zNDM2M2JjN2M0YzAiOnsiY3JlYXRlIjoyNzAwMDAwMDAwMDAwLCJkZWxldGUiOjI3MDAwMDAwMDAwMDAsInJlYWQiOjMwMDAwMDAwMDAwMCwidXBkYXRlIjoyNzAwMDAwMDAwMDAwfX0=",
          "dependencies": [
            "azurerm_network_interface.myterraformnic",
            "azurerm_public_ip.myterraformpublicip",
            "azurerm_resource_group.myterraform",
            "azurerm_storage_account.mystorageaccount",
            "azurerm_subnet.myterraformsubnet",
            "azurerm_virtual_network.myterraformnetwork",
            "random_id.randomid",
            "tls_private_key.example_ssh"
          ]
        }
      ]
    },
    {
      "mode": "managed",
      "type": "azurerm_network_interface",
      "name": "myterraformnic",
      "provider": "provider.azurerm",
      "instances": [
        {
          "schema_version": 0,
          "attributes": {
            "applied_dns_servers": [],
            "dns_servers": [],
            "enable_accelerated_networking": false,
            "enable_ip_forwarding": false,
            "id": "/subscriptions/e013c260-fa82-4138-b148-1ce36c8788ef/resourceGroups/web-rg/providers/Microsoft.Network/networkInterfaces/web-server-nic",
            "internal_dns_name_label": "",
            "internal_domain_name_suffix": "qkxhyecbfdrujgeurun2jvpfkh.xx.internal.cloudapp.net",
            "ip_configuration": [
              {
                "name": "web-server-ip",
                "primary": true,
                "private_ip_address": "1.0.2.4",
                "private_ip_address_allocation": "Dynamic",
                "private_ip_address_version": "IPv4",
                "public_ip_address_id": "/subscriptions/e013c260-fa82-4138-b148-1ce36c8788ef/resourceGroups/web-rg/providers/Microsoft.Network/publicIPAddresses/web-server-publicip",
                "subnet_id": "/subscriptions/e013c260-fa82-4138-b148-1ce36c8788ef/resourceGroups/web-rg/providers/Microsoft.Network/virtualNetworks/web-server-vnet/subnets/web-server-subnet"
              }
            ],
            "location": "westus2",
            "mac_address": "",
            "name": "web-server-nic",
            "private_ip_address": "1.0.2.4",
            "private_ip_addresses": [
              "1.0.2.4"
            ],
            "resource_group_name": "web-rg",
            "tags": {
              "environment": "Terraform Metlife"
            },
            "timeouts": null,
            "virtual_machine_id": ""
          },
          "private": "eyJlMmJmYjczMC1lY2FhLTExZTYtOGY4OC0zNDM2M2JjN2M0YzAiOnsiY3JlYXRlIjoxODAwMDAwMDAwMDAwLCJkZWxldGUiOjE4MDAwMDAwMDAwMDAsInJlYWQiOjMwMDAwMDAwMDAwMCwidXBkYXRlIjoxODAwMDAwMDAwMDAwfX0=",
          "dependencies": [
            "azurerm_public_ip.myterraformpublicip",
            "azurerm_resource_group.myterraform",
            "azurerm_subnet.myterraformsubnet",
            "azurerm_virtual_network.myterraformnetwork"
          ]
        }
      ]
    },
    {
      "mode": "managed",
      "type": "azurerm_network_interface_security_group_association",
      "name": "example",
      "provider": "provider.azurerm",
      "instances": [
        {
          "schema_version": 0,
          "attributes": {
            "id": "/subscriptions/e013c260-fa82-4138-b148-1ce36c8788ef/resourceGroups/web-rg/providers/Microsoft.Network/networkInterfaces/web-server-nic|/subscriptions/e013c260-fa82-4138-b148-1ce36c8788ef/resourceGroups/web-rg/providers/Microsoft.Network/networkSecurityGroups/web-server-sg",
            "network_interface_id": "/subscriptions/e013c260-fa82-4138-b148-1ce36c8788ef/resourceGroups/web-rg/providers/Microsoft.Network/networkInterfaces/web-server-nic",
            "network_security_group_id": "/subscriptions/e013c260-fa82-4138-b148-1ce36c8788ef/resourceGroups/web-rg/providers/Microsoft.Network/networkSecurityGroups/web-server-sg",
            "timeouts": null
          },
          "private": "eyJlMmJmYjczMC1lY2FhLTExZTYtOGY4OC0zNDM2M2JjN2M0YzAiOnsiY3JlYXRlIjoxODAwMDAwMDAwMDAwLCJkZWxldGUiOjE4MDAwMDAwMDAwMDAsInJlYWQiOjMwMDAwMDAwMDAwMCwidXBkYXRlIjoxODAwMDAwMDAwMDAwfX0=",
          "dependencies": [
            "azurerm_network_interface.myterraformnic",
            "azurerm_network_security_group.myterraformnsg",
            "azurerm_public_ip.myterraformpublicip",
            "azurerm_resource_group.myterraform",
            "azurerm_subnet.myterraformsubnet",
            "azurerm_virtual_network.myterraformnetwork"
          ]
        }
      ]
    },
    {
      "mode": "managed",
      "type": "azurerm_network_security_group",
      "name": "myterraformnsg",
      "provider": "provider.azurerm",
      "instances": [
        {
          "schema_version": 0,
          "attributes": {
            "id": "/subscriptions/e013c260-fa82-4138-b148-1ce36c8788ef/resourceGroups/web-rg/providers/Microsoft.Network/networkSecurityGroups/web-server-sg",
            "location": "westus2",
            "name": "web-server-sg",
            "resource_group_name": "web-rg",
            "security_rule": [
              {
                "access": "Allow",
                "description": "",
                "destination_address_prefix": "*",
                "destination_address_prefixes": [],
                "destination_application_security_group_ids": [],
                "destination_port_range": "22",
                "destination_port_ranges": [],
                "direction": "Inbound",
                "name": "SSH",
                "priority": 1001,
                "protocol": "TCP",
                "source_address_prefix": "*",
                "source_address_prefixes": [],
                "source_application_security_group_ids": [],
                "source_port_range": "*",
                "source_port_ranges": []
              }
            ],
            "tags": {
              "environment": "Terraform Metlife"
            },
            "timeouts": null
          },
          "private": "eyJlMmJmYjczMC1lY2FhLTExZTYtOGY4OC0zNDM2M2JjN2M0YzAiOnsiY3JlYXRlIjoxODAwMDAwMDAwMDAwLCJkZWxldGUiOjE4MDAwMDAwMDAwMDAsInJlYWQiOjMwMDAwMDAwMDAwMCwidXBkYXRlIjoxODAwMDAwMDAwMDAwfX0=",
          "dependencies": [
            "azurerm_resource_group.myterraform"
          ]
        }
      ]
    },
    {
      "mode": "managed",
      "type": "azurerm_public_ip",
      "name": "myterraformpublicip",
      "provider": "provider.azurerm",
      "instances": [
        {
          "schema_version": 0,
          "attributes": {
            "allocation_method": "Dynamic",
            "domain_name_label": null,
            "fqdn": null,
            "id": "/subscriptions/e013c260-fa82-4138-b148-1ce36c8788ef/resourceGroups/web-rg/providers/Microsoft.Network/publicIPAddresses/web-server-publicip",
            "idle_timeout_in_minutes": 4,
            "ip_address": "",
            "ip_version": "IPv4",
            "location": "westus2",
            "name": "web-server-publicip",
            "public_ip_prefix_id": null,
            "resource_group_name": "web-rg",
            "reverse_fqdn": null,
            "sku": "Basic",
            "tags": {
              "environment": "Terraform Metlife"
            },
            "timeouts": null,
            "zones": null
          },
          "private": "eyJlMmJmYjczMC1lY2FhLTExZTYtOGY4OC0zNDM2M2JjN2M0YzAiOnsiY3JlYXRlIjoxODAwMDAwMDAwMDAwLCJkZWxldGUiOjE4MDAwMDAwMDAwMDAsInJlYWQiOjMwMDAwMDAwMDAwMCwidXBkYXRlIjoxODAwMDAwMDAwMDAwfX0=",
          "dependencies": [
            "azurerm_resource_group.myterraform"
          ]
        }
      ]
    },
    {
      "mode": "managed",
      "type": "azurerm_resource_group",
      "name": "myterraform",
      "provider": "provider.azurerm",
      "instances": [
        {
          "schema_version": 0,
          "attributes": {
            "id": "/subscriptions/e013c260-fa82-4138-b148-1ce36c8788ef/resourceGroups/web-rg",
            "location": "westus2",
            "name": "web-rg",
            "tags": {
              "environment": "Terraform Metlife"
            },
            "timeouts": null
          },
          "private": "eyJlMmJmYjczMC1lY2FhLTExZTYtOGY4OC0zNDM2M2JjN2M0YzAiOnsiY3JlYXRlIjo1NDAwMDAwMDAwMDAwLCJkZWxldGUiOjU0MDAwMDAwMDAwMDAsInJlYWQiOjMwMDAwMDAwMDAwMCwidXBkYXRlIjo1NDAwMDAwMDAwMDAwfX0="
        }
      ]
    },
    {
      "mode": "managed",
      "type": "azurerm_storage_account",
      "name": "mystorageaccount",
      "provider": "provider.azurerm",
      "instances": [
        {
          "schema_version": 2,
          "attributes": {
            "access_tier": "Hot",
            "account_kind": "StorageV2",
            "account_replication_type": "LRS",
            "account_tier": "Standard",
            "allow_blob_public_access": false,
            "blob_properties": [],
            "custom_domain": [],
            "enable_https_traffic_only": true,
            "id": "/subscriptions/e013c260-fa82-4138-b148-1ce36c8788ef/resourceGroups/web-rg/providers/Microsoft.Storage/storageAccounts/diagf1015da84a3d1a16",
            "identity": [],
            "is_hns_enabled": false,
            "large_file_share_enabled": null,
            "location": "westus2",
            "min_tls_version": "TLS1_0",
            "name": "diagf1015da84a3d1a16",
            "network_rules": [
              {
                "bypass": [
                  "AzureServices"
                ],
                "default_action": "Allow",
                "ip_rules": [],
                "virtual_network_subnet_ids": []
              }
            ],
            "primary_access_key": "OZrkZPTYbWZWmgPB+QltjTicDGvXOp84f9L1lSdBozKTPHkQiLX0P9WK3Z1pbpltGYQTVQbTCGhivC5HxoeEPQ==",
            "primary_blob_connection_string": "DefaultEndpointsProtocol=https;BlobEndpoint=https://diagf1015da84a3d1a16.blob.core.windows.net/;AccountName=diagf1015da84a3d1a16;AccountKey=OZrkZPTYbWZWmgPB+QltjTicDGvXOp84f9L1lSdBozKTPHkQiLX0P9WK3Z1pbpltGYQTVQbTCGhivC5HxoeEPQ==",
            "primary_blob_endpoint": "https://diagf1015da84a3d1a16.blob.core.windows.net/",
            "primary_blob_host": "diagf1015da84a3d1a16.blob.core.windows.net",
            "primary_connection_string": "DefaultEndpointsProtocol=https;AccountName=diagf1015da84a3d1a16;AccountKey=OZrkZPTYbWZWmgPB+QltjTicDGvXOp84f9L1lSdBozKTPHkQiLX0P9WK3Z1pbpltGYQTVQbTCGhivC5HxoeEPQ==;EndpointSuffix=core.windows.net",
            "primary_dfs_endpoint": "https://diagf1015da84a3d1a16.dfs.core.windows.net/",
            "primary_dfs_host": "diagf1015da84a3d1a16.dfs.core.windows.net",
            "primary_file_endpoint": "https://diagf1015da84a3d1a16.file.core.windows.net/",
            "primary_file_host": "diagf1015da84a3d1a16.file.core.windows.net",
            "primary_location": "westus2",
            "primary_queue_endpoint": "https://diagf1015da84a3d1a16.queue.core.windows.net/",
            "primary_queue_host": "diagf1015da84a3d1a16.queue.core.windows.net",
            "primary_table_endpoint": "https://diagf1015da84a3d1a16.table.core.windows.net/",
            "primary_table_host": "diagf1015da84a3d1a16.table.core.windows.net",
            "primary_web_endpoint": "https://diagf1015da84a3d1a16.z5.web.core.windows.net/",
            "primary_web_host": "diagf1015da84a3d1a16.z5.web.core.windows.net",
            "queue_properties": [
              {
                "cors_rule": [],
                "hour_metrics": [
                  {
                    "enabled": true,
                    "include_apis": true,
                    "retention_policy_days": 7,
                    "version": "1.0"
                  }
                ],
                "logging": [
                  {
                    "delete": false,
                    "read": false,
                    "retention_policy_days": 0,
                    "version": "1.0",
                    "write": false
                  }
                ],
                "minute_metrics": [
                  {
                    "enabled": false,
                    "include_apis": false,
                    "retention_policy_days": 0,
                    "version": "1.0"
                  }
                ]
              }
            ],
            "resource_group_name": "web-rg",
            "secondary_access_key": "0GQsUIRlR/7mAl9SvF3s/AXptxirhTvjUENfD+CTLns7G463Wk3dTb4YhVDjyBhAGauKv7Ucl75XmVKDyAo92A==",
            "secondary_blob_connection_string": "",
            "secondary_blob_endpoint": null,
            "secondary_blob_host": null,
            "secondary_connection_string": "DefaultEndpointsProtocol=https;AccountName=diagf1015da84a3d1a16;AccountKey=0GQsUIRlR/7mAl9SvF3s/AXptxirhTvjUENfD+CTLns7G463Wk3dTb4YhVDjyBhAGauKv7Ucl75XmVKDyAo92A==;EndpointSuffix=core.windows.net",
            "secondary_dfs_endpoint": null,
            "secondary_dfs_host": null,
            "secondary_file_endpoint": null,
            "secondary_file_host": null,
            "secondary_location": "",
            "secondary_queue_endpoint": null,
            "secondary_queue_host": null,
            "secondary_table_endpoint": null,
            "secondary_table_host": null,
            "secondary_web_endpoint": null,
            "secondary_web_host": null,
            "static_website": [],
            "tags": {
              "environment": "Terraform Metlife"
            },
            "timeouts": null
          },
          "private": "eyJlMmJmYjczMC1lY2FhLTExZTYtOGY4OC0zNDM2M2JjN2M0YzAiOnsiY3JlYXRlIjozNjAwMDAwMDAwMDAwLCJkZWxldGUiOjM2MDAwMDAwMDAwMDAsInJlYWQiOjMwMDAwMDAwMDAwMCwidXBkYXRlIjozNjAwMDAwMDAwMDAwfSwic2NoZW1hX3ZlcnNpb24iOiIyIn0=",
          "dependencies": [
            "azurerm_resource_group.myterraform",
            "random_id.randomid"
          ]
        }
      ]
    },
    {
      "mode": "managed",
      "type": "azurerm_subnet",
      "name": "myterraformsubnet",
      "provider": "provider.azurerm",
      "instances": [
        {
          "schema_version": 0,
          "attributes": {
            "address_prefix": "1.0.2.0/24",
            "address_prefixes": [
              "1.0.2.0/24"
            ],
            "delegation": [],
            "enforce_private_link_endpoint_network_policies": false,
            "enforce_private_link_service_network_policies": false,
            "id": "/subscriptions/e013c260-fa82-4138-b148-1ce36c8788ef/resourceGroups/web-rg/providers/Microsoft.Network/virtualNetworks/web-server-vnet/subnets/web-server-subnet",
            "name": "web-server-subnet",
            "resource_group_name": "web-rg",
            "service_endpoints": null,
            "timeouts": null,
            "virtual_network_name": "web-server-vnet"
          },
          "private": "eyJlMmJmYjczMC1lY2FhLTExZTYtOGY4OC0zNDM2M2JjN2M0YzAiOnsiY3JlYXRlIjoxODAwMDAwMDAwMDAwLCJkZWxldGUiOjE4MDAwMDAwMDAwMDAsInJlYWQiOjMwMDAwMDAwMDAwMCwidXBkYXRlIjoxODAwMDAwMDAwMDAwfX0=",
          "dependencies": [
            "azurerm_resource_group.myterraform",
            "azurerm_virtual_network.myterraformnetwork"
          ]
        }
      ]
    },
    {
      "mode": "managed",
      "type": "azurerm_virtual_network",
      "name": "myterraformnetwork",
      "provider": "provider.azurerm",
      "instances": [
        {
          "schema_version": 0,
          "attributes": {
            "address_space": [
              "1.0.0.0/16"
            ],
            "ddos_protection_plan": [],
            "dns_servers": null,
            "guid": "107cae82-2841-44e3-9894-8d1bc4d5e557",
            "id": "/subscriptions/e013c260-fa82-4138-b148-1ce36c8788ef/resourceGroups/web-rg/providers/Microsoft.Network/virtualNetworks/web-server-vnet",
            "location": "westus2",
            "name": "web-server-vnet",
            "resource_group_name": "web-rg",
            "subnet": [],
            "tags": {
              "environment": "Terraform Metlife"
            },
            "timeouts": null
          },
          "private": "eyJlMmJmYjczMC1lY2FhLTExZTYtOGY4OC0zNDM2M2JjN2M0YzAiOnsiY3JlYXRlIjoxODAwMDAwMDAwMDAwLCJkZWxldGUiOjE4MDAwMDAwMDAwMDAsInJlYWQiOjMwMDAwMDAwMDAwMCwidXBkYXRlIjoxODAwMDAwMDAwMDAwfX0=",
          "dependencies": [
            "azurerm_resource_group.myterraform"
          ]
        }
      ]
    },
    {
      "mode": "managed",
      "type": "random_id",
      "name": "randomid",
      "provider": "provider.random",
      "instances": [
        {
          "schema_version": 0,
          "attributes": {
            "b64_std": "8QFdqEo9GhY=",
            "b64_url": "8QFdqEo9GhY",
            "byte_length": 8,
            "dec": "17366264615498750486",
            "hex": "f1015da84a3d1a16",
            "id": "8QFdqEo9GhY",
            "keepers": {
              "resource_group_name": "web-rg"
            },
            "prefix": null
          },
          "private": "bnVsbA==",
          "dependencies": [
            "azurerm_resource_group.myterraform"
          ]
        }
      ]
    },
    {
      "mode": "managed",
      "type": "tls_private_key",
      "name": "example_ssh",
      "provider": "provider.tls",
      "instances": [
        {
          "schema_version": 0,
          "attributes": {
            "algorithm": "RSA",
            "ecdsa_curve": "P224",
            "id": "a3bd0bc20b2a2c1b336a45d929dd10979c689b1c",
            "private_key_pem": "-----BEGIN RSA PRIVATE KEY-----\nMIIJKQIBAAKCAgEA2bQeUhX96t9LnCjl1+F0a9w0eevxqbVJPMBv63ieoy2qUv7+\nKgORW0Q7bR8Ady277AuedeqRjH+b2vtumSGcv8SEV6oDmCvMCQsCsEKxbk7F6Mhx\nw8mqRoEUZ9mP8XL9FUK3llghSDE8uo3Lr/SZ1kS9ccQrjztNaOpNKeId4g2novn7\n7Wbh/BOwMfTVNcXjsZ4UN+SihN0qDboysiWCRd5Q+xXIftkS1dq2WwB14+ZV6wNk\ncjIVqI9ZbiESgRmTyODi7OgzrA7OdtvqH+Smd7PaVNdXUJ2HIHYtm6JW/Rsqo3t4\ne2xPgTWJ9WuHQPr+9CUAG4nxr+iWPbzZIcRSEQ37D6/rcsroHSUPCpi8+WXhdRBM\nfbAPdVFZRuOR/4tffI1ydXqIBigzGMzik9W5PEGhSvfjS/63rT4KEQW/QYJNzLtU\naC0YO9a4e9nfVs+go7kF1w7AwwraHSJDRViERGO9NW+4zC8A8EDJ/XuYinv5mgz7\nT5PFDlAdqHgzAaQbcrnlYfJFUyHRfZKvkNvjmZD2oTvP0hqhdvqVTthkY/NVrhnt\nJmbOc++yCMnr5Tt+dO/FGGP8+LiBdpwHJQ5B1QPBiXbX7d4xcw5rIs/GEwqcl3Ln\nrilGEknB3pi9nSl8AKIC5qotyjjZQaOLDRdJJGv2ecghS6lh0/+ztqv4nc8CAwEA\nAQKCAgBb2+FzV241nZSkxqj851edb2QBEep9Zk4JwVU4MUQWrF0S+h86kRjTPr4o\ndA1ZPEXv+pMZRCm389xKkQ8AtCsUy5Hf/4/WtJw6MJgo0WtWlQxzBajjKQOdDjgS\n/bz77z4Uq3sViAg7EvOB7/TDQN1siMK670BGBorKOxrmEk/zozlZzktbx66RE6mj\n2p/gOaiyuHXlg6aDk2J8OlXLz4Hhg0X+PBnGVEfbTpblXRNhXz5flKXcfX+gCSR+\nEJxjNuyhtSprNisfbXv2sSJf5LXNCmmUpOxlyqJKszLZWa2EzOK36pBS28fMSE/2\n6zE93OqZD8e01wbQ574FPNsNoW3SlxWa9BqSKGai1/bO34oCTQ7cJEjyrtfIrkmX\nC8VVK8CH9UVXqjYhdhJEvZeMe2ZhmvQ7MS8ovePCZl37q1iPf7b8IpqNteToduuB\ntBYexoSQOZrfcwpbmCdtWPAwatPAynymOjIpI8/xqpiWWmtuNKjIUSjMPm2EgQ1W\nmRj50C4yQMhW2pnbVZOvFMfqw4ZJegRrc03wnGBe/xR0NOiVwFfJIK9NK47I5GaL\np0Fa3EPt7vITMk6oTve8P3HQExUBd/14C/VVNOmHb4tBcDrEGABrIcBtzKqUHlw9\ns/Fxs2WtSd+UFaSGCp4nLVQr+BAAQXM2jqc/qSvkhqtorthI0QKCAQEA5MOxGqo/\n3Rj3R4U/nVoWZ8wK5R/zLq/7MO+gB4hTrWpMrMIy/0zbBzRbFhfieN/7aHJP/9t+\nBL7QBhKBXyPmucnpkwABEUw4nAK+g/aXxangg5VTbgQd+RT6uwnL9TrPwAJmgY8d\nsRPXetoCaEjUr0BkjiledKyBdS0u1L13wPEMzKxM6G5MCQg1SZnYhuwzY6UztC0J\nzjMXrntbxXigZPH2u9UG5cp2cS64vi4zFZIytkA7m8Mov2R20UmW2quP2zL2cJff\nuH2Snpiw9aLkJ0ECoiYIKJUnAHFLSuUUi1zb7pJoT62FuZGNXZAHF8+n2R9d8Nw4\naP5R2BVeNQeMpwKCAQEA859QMw37yoCtqMqwqNGnuY65aYhBmDUEVRq38hhYXOHL\niVvi+/gQMlsFvUT3YNcFrhdJ8QTtGZnEfY2Bgu0N4yBSyhAF+U6Dcs+nsfMgEi53\nwgPZH1rLpnl1T46ho8FTjP0wFxGI40lj9VMciEOygM+24UOha7t+XKFc8foGVews\nhUOaJ1/T4T2WrKZytfUopfbBNjF6yCiv3KLIgRHTMWRg41prADl3lN2vSiyQS/Ib\njpF/anUEqVcbZ9mxmB+lygTgbFIiQKKp4/O51aelnmlpMTAAxb6ake/ql5ckMV6K\nzpfZE2gLG60KJGsoZZ9+zO1h505GOqmSl016MAnCmQKCAQA2PZwZeXKJBuliwNpT\ngc+8LqoKp6euUzWY5cgo4Q8OGB0z/RvAYsWwEJ7kPyeIh3sBydDkFnPrxh5mwi6A\nk2+ab6B9JUwbgNoPS6tGeMqFqIC+UkKk3D8LFwlYHbuJWrd1jFwnrfpZSR4XV+eo\nOFSNdRQijPaDbX+Ie/0VnhLt4XmqcdQObFCE97hCykKHwytwHfSDbQZdKModqcwZ\npz9IkAJziNAI3hd1QKG3HhcorzBs/A/mH8DimHx/pRYqpPEIBS5fhfMauFNyXTvg\nEg5MrGJmdeQLU0obFcHHcUeMv6i6CWbINZl2ZWeCXqr/31Gp7oEEogKSCnL3bCGZ\nK0ATAoIBAQDWtIsb07EasPlbjvbOcadd85kYlssod2EQF/IRXL9TbHPS5LZQ1jiA\nCJQwUD2sjRQmb8PstCi5rTjsZe/EEWNxziToi+KX60gRwUzLmbekDmvhAz8xUPW2\nC8kFinCOP22BDgp56iw4E5ASv2Kf/PmuaGGGefIjXiRpQpUFdRJsWy6JbCDJnry+\n/2ZxVmg2UI+4ZJW3SzgoeyMyUgxfI/R6zTpOZHt0wTDQc+dueYPaSs9agIRIsESh\ncXFnvwWzSgD04ANhs6kYScNscHpQ/+UIjWH1xZaIsAjNoSGg48Uz9Vxj4pOfdMyF\nYaVUn1QE6+H2fScRkXx3ascUrWWIPLHRAoIBAQC/nzRwbcTwp+CDsikAD54QnnpL\nUeD/tv27INR2XSnorAh1ZleCr60GlKuiPlsA5l3rYAIlV/f8iANIGobsG7kDcMkx\njZDrShpVhkCAVaze5nvWW/Olf8pabU28NVAy6IJyb2UAN6JxKuSfl2GH4mxve287\nx00LGxjGSDnFkkWVt+rqw1062YYKmDwvrqdzykNBTYAEpD95gSlfh46nHYC5Csuu\nWdJTjy6lcmzN17MhuK+0pAKpXoZ+mE45eScXy42cFZlRCFy03gAY2MPGhI/GAhav\nidJfgqJDWaNZz4GwP/9MlsrgBXHVYyrqmAfUsXQMeqnRL0zTDAo5DkCAbgf0\n-----END RSA PRIVATE KEY-----\n",
            "public_key_fingerprint_md5": "79:6d:28:a9:5d:4e:25:4e:75:11:bf:62:d2:60:c2:5e",
            "public_key_openssh": "ssh-rsa AAAAB3NzaC1yc2EAAAADAQABAAACAQDZtB5SFf3q30ucKOXX4XRr3DR56/GptUk8wG/reJ6jLapS/v4qA5FbRDttHwB3LbvsC5516pGMf5va+26ZIZy/xIRXqgOYK8wJCwKwQrFuTsXoyHHDyapGgRRn2Y/xcv0VQreWWCFIMTy6jcuv9JnWRL1xxCuPO01o6k0p4h3iDaei+fvtZuH8E7Ax9NU1xeOxnhQ35KKE3SoNujKyJYJF3lD7Fch+2RLV2rZbAHXj5lXrA2RyMhWoj1luIRKBGZPI4OLs6DOsDs522+of5KZ3s9pU11dQnYcgdi2bolb9Gyqje3h7bE+BNYn1a4dA+v70JQAbifGv6JY9vNkhxFIRDfsPr+tyyugdJQ8KmLz5ZeF1EEx9sA91UVlG45H/i198jXJ1eogGKDMYzOKT1bk8QaFK9+NL/retPgoRBb9Bgk3Mu1RoLRg71rh72d9Wz6CjuQXXDsDDCtodIkNFWIREY701b7jMLwDwQMn9e5iKe/maDPtPk8UOUB2oeDMBpBtyueVh8kVTIdF9kq+Q2+OZkPahO8/SGqF2+pVO2GRj81WuGe0mZs5z77IIyevlO35078UYY/z4uIF2nAclDkHVA8GJdtft3jFzDmsiz8YTCpyXcueuKUYSScHemL2dKXwAogLmqi3KONlBo4sNF0kka/Z5yCFLqWHT/7O2q/idzw==\n",
            "public_key_pem": "-----BEGIN PUBLIC KEY-----\nMIICIjANBgkqhkiG9w0BAQEFAAOCAg8AMIICCgKCAgEA2bQeUhX96t9LnCjl1+F0\na9w0eevxqbVJPMBv63ieoy2qUv7+KgORW0Q7bR8Ady277AuedeqRjH+b2vtumSGc\nv8SEV6oDmCvMCQsCsEKxbk7F6Mhxw8mqRoEUZ9mP8XL9FUK3llghSDE8uo3Lr/SZ\n1kS9ccQrjztNaOpNKeId4g2novn77Wbh/BOwMfTVNcXjsZ4UN+SihN0qDboysiWC\nRd5Q+xXIftkS1dq2WwB14+ZV6wNkcjIVqI9ZbiESgRmTyODi7OgzrA7OdtvqH+Sm\nd7PaVNdXUJ2HIHYtm6JW/Rsqo3t4e2xPgTWJ9WuHQPr+9CUAG4nxr+iWPbzZIcRS\nEQ37D6/rcsroHSUPCpi8+WXhdRBMfbAPdVFZRuOR/4tffI1ydXqIBigzGMzik9W5\nPEGhSvfjS/63rT4KEQW/QYJNzLtUaC0YO9a4e9nfVs+go7kF1w7AwwraHSJDRViE\nRGO9NW+4zC8A8EDJ/XuYinv5mgz7T5PFDlAdqHgzAaQbcrnlYfJFUyHRfZKvkNvj\nmZD2oTvP0hqhdvqVTthkY/NVrhntJmbOc++yCMnr5Tt+dO/FGGP8+LiBdpwHJQ5B\n1QPBiXbX7d4xcw5rIs/GEwqcl3LnrilGEknB3pi9nSl8AKIC5qotyjjZQaOLDRdJ\nJGv2ecghS6lh0/+ztqv4nc8CAwEAAQ==\n-----END PUBLIC KEY-----\n",
            "rsa_bits": 4096
          },
          "private": "bnVsbA=="
        }
      ]
    }
  ]
}
